// !$*UTF8*$!
{
	archiveVersion = 1;
	classes = {
	};
	objectVersion = 46;
	objects = {

/* Begin PBXBuildFile section */
		7F0E931D1D02FC250096BABE /* Global.swift in Sources */ = {isa = PBXBuildFile; fileRef = 7F0E931C1D02FC250096BABE /* Global.swift */; };
		7F84B6221CC506790059A82B /* JaredFramework.h in Headers */ = {isa = PBXBuildFile; fileRef = 7F84B6211CC506790059A82B /* JaredFramework.h */; settings = {ATTRIBUTES = (Public, ); }; };
		7F84B6261CC506790059A82B /* JaredFramework.framework in Frameworks */ = {isa = PBXBuildFile; fileRef = 7F84B61F1CC506790059A82B /* JaredFramework.framework */; };
		7F84B6271CC506790059A82B /* JaredFramework.framework in Embed Frameworks */ = {isa = PBXBuildFile; fileRef = 7F84B61F1CC506790059A82B /* JaredFramework.framework */; settings = {ATTRIBUTES = (CodeSignOnCopy, RemoveHeadersOnCopy, ); }; };
		7F84B62B1CC5069C0059A82B /* amain.swift in Sources */ = {isa = PBXBuildFile; fileRef = B39EC1751CB01F55002C3161 /* amain.swift */; };
		7F84B62E1CC511B80059A82B /* CoreStrings.strings in Resources */ = {isa = PBXBuildFile; fileRef = B3BBA7CD1CB3259A00E1749C /* CoreStrings.strings */; };
		7FE220ED1CB3C8340081CE23 /* podfile in Resources */ = {isa = PBXBuildFile; fileRef = 7FE220EC1CB3C8340081CE23 /* podfile */; };
		7FF077EB1CBCFFCB008E33CB /* SendImage.scpt in Resources */ = {isa = PBXBuildFile; fileRef = 7FF077EA1CBCFFCB008E33CB /* SendImage.scpt */; };
		A8EDB6CA30877B4D8E9D00C7 /* Pods_JaredUI.framework in Frameworks */ = {isa = PBXBuildFile; fileRef = C31CB7445EAF3431D6AA3FD4 /* Pods_JaredUI.framework */; };
		B316D1A61F3FFDF100AFF063 /* CoreModuleRealm.swift in Sources */ = {isa = PBXBuildFile; fileRef = B316D1A51F3FFDF100AFF063 /* CoreModuleRealm.swift */; };
		B332787A1CB2CB1300BBDD3A /* AppDelegate.swift in Sources */ = {isa = PBXBuildFile; fileRef = B33278791CB2CB1300BBDD3A /* AppDelegate.swift */; };
		B332787C1CB2CB1300BBDD3A /* ViewController.swift in Sources */ = {isa = PBXBuildFile; fileRef = B332787B1CB2CB1300BBDD3A /* ViewController.swift */; };
		B332787E1CB2CB1300BBDD3A /* Assets.xcassets in Resources */ = {isa = PBXBuildFile; fileRef = B332787D1CB2CB1300BBDD3A /* Assets.xcassets */; };
		B33278811CB2CB1300BBDD3A /* Main.storyboard in Resources */ = {isa = PBXBuildFile; fileRef = B332787F1CB2CB1300BBDD3A /* Main.storyboard */; };
		B33278891CB2D0C600BBDD3A /* Jared.sdef in Resources */ = {isa = PBXBuildFile; fileRef = B33278881CB2D0C600BBDD3A /* Jared.sdef */; };
		B34792161FC8A605001BD465 /* SimpleInstall.swift in Sources */ = {isa = PBXBuildFile; fileRef = B34792151FC8A605001BD465 /* SimpleInstall.swift */; };
		B34792191FC8B03F001BD465 /* Jared.applescript in Resources */ = {isa = PBXBuildFile; fileRef = B34792171FC8A85F001BD465 /* Jared.applescript */; };
		B35CE7152196AD4E002F52A7 /* sqlitetest.swift in Sources */ = {isa = PBXBuildFile; fileRef = B35CE7142196AD4E002F52A7 /* sqlitetest.swift */; };
		B361EEBB1F1DE24C0041113C /* config.json in Resources */ = {isa = PBXBuildFile; fileRef = B361EEBA1F1DE24C0041113C /* config.json */; };
		B36563EF1F3D68980064B114 /* TouchBarTextFieldExtension.swift in Sources */ = {isa = PBXBuildFile; fileRef = B36563EE1F3D68980064B114 /* TouchBarTextFieldExtension.swift */; };
		B37E82821FA85B210069E15D /* SendTextSingleBuddy.scpt in Resources */ = {isa = PBXBuildFile; fileRef = B37E82811FA85B210069E15D /* SendTextSingleBuddy.scpt */; };
		B39A65E01CC1FB1B003E26B0 /* Routing.swift in Sources */ = {isa = PBXBuildFile; fileRef = B39A65DF1CC1FB1B003E26B0 /* Routing.swift */; };
		B39F2B391CB3BCA700C0D35C /* SendText.scpt in Resources */ = {isa = PBXBuildFile; fileRef = B39F2B381CB3BCA700C0D35C /* SendText.scpt */; };
		B3BBA7CA1CB2F69800E1749C /* MessageReceive.swift in Sources */ = {isa = PBXBuildFile; fileRef = B332784D1CB2C4D000BBDD3A /* MessageReceive.swift */; };
		B3BBA7D11CB3284A00E1749C /* CoreModule.swift in Sources */ = {isa = PBXBuildFile; fileRef = B39EC17D1CB01FEF002C3161 /* CoreModule.swift */; };
/* End PBXBuildFile section */

/* Begin PBXContainerItemProxy section */
		7F84B6241CC506790059A82B /* PBXContainerItemProxy */ = {
			isa = PBXContainerItemProxy;
			containerPortal = B39EC16A1CB01F55002C3161 /* Project object */;
			proxyType = 1;
			remoteGlobalIDString = 7F84B61E1CC506790059A82B;
			remoteInfo = JaredFramework;
		};
/* End PBXContainerItemProxy section */

/* Begin PBXCopyFilesBuildPhase section */
		B39A65DD1CC1F8BC003E26B0 /* Embed Frameworks */ = {
			isa = PBXCopyFilesBuildPhase;
			buildActionMask = 2147483647;
			dstPath = "";
			dstSubfolderSpec = 10;
			files = (
				7F84B6271CC506790059A82B /* JaredFramework.framework in Embed Frameworks */,
			);
			name = "Embed Frameworks";
			runOnlyForDeploymentPostprocessing = 0;
		};
/* End PBXCopyFilesBuildPhase section */

/* Begin PBXFileReference section */
		19C9C2FBC44EE08B0C7851EA /* Pods.framework */ = {isa = PBXFileReference; explicitFileType = wrapper.framework; includeInIndex = 0; path = Pods.framework; sourceTree = BUILT_PRODUCTS_DIR; };
		36A7776B61089A66EA5C166B /* Pods-JaredUI.release.xcconfig */ = {isa = PBXFileReference; includeInIndex = 1; lastKnownFileType = text.xcconfig; name = "Pods-JaredUI.release.xcconfig"; path = "Pods/Target Support Files/Pods-JaredUI/Pods-JaredUI.release.xcconfig"; sourceTree = "<group>"; };
		7F0E931C1D02FC250096BABE /* Global.swift */ = {isa = PBXFileReference; fileEncoding = 4; lastKnownFileType = sourcecode.swift; path = Global.swift; sourceTree = "<group>"; };
		7F84B61F1CC506790059A82B /* JaredFramework.framework */ = {isa = PBXFileReference; explicitFileType = wrapper.framework; includeInIndex = 0; path = JaredFramework.framework; sourceTree = BUILT_PRODUCTS_DIR; };
		7F84B6211CC506790059A82B /* JaredFramework.h */ = {isa = PBXFileReference; lastKnownFileType = sourcecode.c.h; path = JaredFramework.h; sourceTree = "<group>"; };
		7F84B6231CC506790059A82B /* Info.plist */ = {isa = PBXFileReference; lastKnownFileType = text.plist.xml; path = Info.plist; sourceTree = "<group>"; };
		7FE220EC1CB3C8340081CE23 /* podfile */ = {isa = PBXFileReference; fileEncoding = 4; lastKnownFileType = text; path = podfile; sourceTree = SOURCE_ROOT; xcLanguageSpecificationIdentifier = xcode.lang.ruby; };
		7FF077EA1CBCFFCB008E33CB /* SendImage.scpt */ = {isa = PBXFileReference; lastKnownFileType = file; path = SendImage.scpt; sourceTree = "<group>"; };
		B316D1A51F3FFDF100AFF063 /* CoreModuleRealm.swift */ = {isa = PBXFileReference; fileEncoding = 4; lastKnownFileType = sourcecode.swift; path = CoreModuleRealm.swift; sourceTree = "<group>"; };
		B332784D1CB2C4D000BBDD3A /* MessageReceive.swift */ = {isa = PBXFileReference; fileEncoding = 4; lastKnownFileType = sourcecode.swift; name = MessageReceive.swift; path = ../Jared/MessageReceive.swift; sourceTree = "<group>"; };
		B33278511CB2C94700BBDD3A /* AppKit.framework */ = {isa = PBXFileReference; lastKnownFileType = wrapper.framework; name = AppKit.framework; path = System/Library/Frameworks/AppKit.framework; sourceTree = SDKROOT; };
		B33278771CB2CB1300BBDD3A /* JaredUI.app */ = {isa = PBXFileReference; explicitFileType = wrapper.application; includeInIndex = 0; path = JaredUI.app; sourceTree = BUILT_PRODUCTS_DIR; };
		B33278791CB2CB1300BBDD3A /* AppDelegate.swift */ = {isa = PBXFileReference; lastKnownFileType = sourcecode.swift; path = AppDelegate.swift; sourceTree = "<group>"; };
		B332787B1CB2CB1300BBDD3A /* ViewController.swift */ = {isa = PBXFileReference; lastKnownFileType = sourcecode.swift; path = ViewController.swift; sourceTree = "<group>"; };
		B332787D1CB2CB1300BBDD3A /* Assets.xcassets */ = {isa = PBXFileReference; lastKnownFileType = folder.assetcatalog; path = Assets.xcassets; sourceTree = "<group>"; };
		B33278801CB2CB1300BBDD3A /* Base */ = {isa = PBXFileReference; lastKnownFileType = file.storyboard; name = Base; path = Base.lproj/Main.storyboard; sourceTree = "<group>"; };
		B33278821CB2CB1300BBDD3A /* Info.plist */ = {isa = PBXFileReference; lastKnownFileType = text.plist.xml; path = Info.plist; sourceTree = "<group>"; };
		B33278881CB2D0C600BBDD3A /* Jared.sdef */ = {isa = PBXFileReference; fileEncoding = 4; lastKnownFileType = text.xml; path = Jared.sdef; sourceTree = "<group>"; };
		B34792151FC8A605001BD465 /* SimpleInstall.swift */ = {isa = PBXFileReference; lastKnownFileType = sourcecode.swift; path = SimpleInstall.swift; sourceTree = "<group>"; };
		B34792171FC8A85F001BD465 /* Jared.applescript */ = {isa = PBXFileReference; fileEncoding = 4; lastKnownFileType = sourcecode.applescript; path = Jared.applescript; sourceTree = SOURCE_ROOT; };
		B35CE7142196AD4E002F52A7 /* sqlitetest.swift */ = {isa = PBXFileReference; lastKnownFileType = sourcecode.swift; path = sqlitetest.swift; sourceTree = "<group>"; };
		B361EEBA1F1DE24C0041113C /* config.json */ = {isa = PBXFileReference; fileEncoding = 4; lastKnownFileType = text.json; path = config.json; sourceTree = "<group>"; };
		B36563EE1F3D68980064B114 /* TouchBarTextFieldExtension.swift */ = {isa = PBXFileReference; fileEncoding = 4; lastKnownFileType = sourcecode.swift; path = TouchBarTextFieldExtension.swift; sourceTree = "<group>"; };
		B37E82801FA85B170069E15D /* SendImageSingleBuddy.scpt */ = {isa = PBXFileReference; lastKnownFileType = file; path = SendImageSingleBuddy.scpt; sourceTree = "<group>"; };
		B37E82811FA85B210069E15D /* SendTextSingleBuddy.scpt */ = {isa = PBXFileReference; lastKnownFileType = file; path = SendTextSingleBuddy.scpt; sourceTree = "<group>"; };
		B39A65DF1CC1FB1B003E26B0 /* Routing.swift */ = {isa = PBXFileReference; fileEncoding = 4; lastKnownFileType = sourcecode.swift; path = Routing.swift; sourceTree = "<group>"; };
		B39EC1751CB01F55002C3161 /* amain.swift */ = {isa = PBXFileReference; lastKnownFileType = sourcecode.swift; name = amain.swift; path = ../Jared/amain.swift; sourceTree = "<group>"; };
		B39EC17D1CB01FEF002C3161 /* CoreModule.swift */ = {isa = PBXFileReference; fileEncoding = 4; lastKnownFileType = sourcecode.swift; path = CoreModule.swift; sourceTree = "<group>"; };
		B39F2B381CB3BCA700C0D35C /* SendText.scpt */ = {isa = PBXFileReference; lastKnownFileType = file; path = SendText.scpt; sourceTree = "<group>"; };
		B3BBA7CC1CB3259A00E1749C /* en */ = {isa = PBXFileReference; lastKnownFileType = text.plist.strings; name = en; path = en.lproj/CoreStrings.strings; sourceTree = "<group>"; };
		B3BBA7CF1CB327C200E1749C /* ja */ = {isa = PBXFileReference; lastKnownFileType = text.plist.strings; name = ja; path = ja.lproj/Main.strings; sourceTree = "<group>"; };
		B3BBA7D01CB327C200E1749C /* ja */ = {isa = PBXFileReference; lastKnownFileType = text.plist.strings; name = ja; path = ja.lproj/CoreStrings.strings; sourceTree = "<group>"; };
		B85E2F9206C873C167385410 /* Pods-JaredUI.debug.xcconfig */ = {isa = PBXFileReference; includeInIndex = 1; lastKnownFileType = text.xcconfig; name = "Pods-JaredUI.debug.xcconfig"; path = "Pods/Target Support Files/Pods-JaredUI/Pods-JaredUI.debug.xcconfig"; sourceTree = "<group>"; };
		C31CB7445EAF3431D6AA3FD4 /* Pods_JaredUI.framework */ = {isa = PBXFileReference; explicitFileType = wrapper.framework; includeInIndex = 0; path = Pods_JaredUI.framework; sourceTree = BUILT_PRODUCTS_DIR; };
/* End PBXFileReference section */

/* Begin PBXFrameworksBuildPhase section */
		7F84B61B1CC506790059A82B /* Frameworks */ = {
			isa = PBXFrameworksBuildPhase;
			buildActionMask = 2147483647;
			files = (
			);
			runOnlyForDeploymentPostprocessing = 0;
		};
		B33278741CB2CB1300BBDD3A /* Frameworks */ = {
			isa = PBXFrameworksBuildPhase;
			buildActionMask = 2147483647;
			files = (
				7F84B6261CC506790059A82B /* JaredFramework.framework in Frameworks */,
				A8EDB6CA30877B4D8E9D00C7 /* Pods_JaredUI.framework in Frameworks */,
			);
			runOnlyForDeploymentPostprocessing = 0;
		};
/* End PBXFrameworksBuildPhase section */

/* Begin PBXGroup section */
		6A99635493B2364DED0280D9 /* Pods */ = {
			isa = PBXGroup;
			children = (
				B85E2F9206C873C167385410 /* Pods-JaredUI.debug.xcconfig */,
				36A7776B61089A66EA5C166B /* Pods-JaredUI.release.xcconfig */,
			);
			name = Pods;
			sourceTree = "<group>";
		};
		739CD530157F72CF2AD79314 /* Frameworks */ = {
			isa = PBXGroup;
			children = (
				19C9C2FBC44EE08B0C7851EA /* Pods.framework */,
				C31CB7445EAF3431D6AA3FD4 /* Pods_JaredUI.framework */,
			);
			name = Frameworks;
			sourceTree = "<group>";
		};
		7F84B6201CC506790059A82B /* JaredFramework */ = {
			isa = PBXGroup;
			children = (
				7F84B6211CC506790059A82B /* JaredFramework.h */,
				B39EC1751CB01F55002C3161 /* amain.swift */,
				7F84B6231CC506790059A82B /* Info.plist */,
			);
			path = JaredFramework;
			sourceTree = "<group>";
		};
		B33278781CB2CB1300BBDD3A /* JaredUI */ = {
			isa = PBXGroup;
			children = (
				B34792171FC8A85F001BD465 /* Jared.applescript */,
				B33278881CB2D0C600BBDD3A /* Jared.sdef */,
				B35CE7142196AD4E002F52A7 /* sqlitetest.swift */,
				B332784D1CB2C4D000BBDD3A /* MessageReceive.swift */,
				B33278791CB2CB1300BBDD3A /* AppDelegate.swift */,
				B36563EE1F3D68980064B114 /* TouchBarTextFieldExtension.swift */,
				B332787B1CB2CB1300BBDD3A /* ViewController.swift */,
				B332787D1CB2CB1300BBDD3A /* Assets.xcassets */,
				B332787F1CB2CB1300BBDD3A /* Main.storyboard */,
				B33278821CB2CB1300BBDD3A /* Info.plist */,
				B34792151FC8A605001BD465 /* SimpleInstall.swift */,
			);
			path = JaredUI;
			sourceTree = "<group>";
		};
		B39EC1691CB01F55002C3161 = {
			isa = PBXGroup;
			children = (
				B33278511CB2C94700BBDD3A /* AppKit.framework */,
				B39EC1741CB01F55002C3161 /* Jared */,
				B33278781CB2CB1300BBDD3A /* JaredUI */,
				7F84B6201CC506790059A82B /* JaredFramework */,
				B39EC1731CB01F55002C3161 /* Products */,
				739CD530157F72CF2AD79314 /* Frameworks */,
				6A99635493B2364DED0280D9 /* Pods */,
			);
			sourceTree = "<group>";
		};
		B39EC1731CB01F55002C3161 /* Products */ = {
			isa = PBXGroup;
			children = (
				B33278771CB2CB1300BBDD3A /* JaredUI.app */,
				7F84B61F1CC506790059A82B /* JaredFramework.framework */,
			);
			name = Products;
			sourceTree = "<group>";
		};
		B39EC1741CB01F55002C3161 /* Jared */ = {
			isa = PBXGroup;
			children = (
				7FF077EA1CBCFFCB008E33CB /* SendImage.scpt */,
				B37E82801FA85B170069E15D /* SendImageSingleBuddy.scpt */,
				B39F2B381CB3BCA700C0D35C /* SendText.scpt */,
				B37E82811FA85B210069E15D /* SendTextSingleBuddy.scpt */,
				B361EEBA1F1DE24C0041113C /* config.json */,
				B39A65DF1CC1FB1B003E26B0 /* Routing.swift */,
				7F0E931C1D02FC250096BABE /* Global.swift */,
				B39EC17C1CB01FDD002C3161 /* Modules */,
				7FE220EC1CB3C8340081CE23 /* podfile */,
			);
			path = Jared;
			sourceTree = "<group>";
		};
		B39EC17C1CB01FDD002C3161 /* Modules */ = {
			isa = PBXGroup;
			children = (
				B316D1A51F3FFDF100AFF063 /* CoreModuleRealm.swift */,
				B39EC17D1CB01FEF002C3161 /* CoreModule.swift */,
				B3BBA7CD1CB3259A00E1749C /* CoreStrings.strings */,
			);
			name = Modules;
			sourceTree = "<group>";
		};
/* End PBXGroup section */

/* Begin PBXHeadersBuildPhase section */
		7F84B61C1CC506790059A82B /* Headers */ = {
			isa = PBXHeadersBuildPhase;
			buildActionMask = 2147483647;
			files = (
				7F84B6221CC506790059A82B /* JaredFramework.h in Headers */,
			);
			runOnlyForDeploymentPostprocessing = 0;
		};
/* End PBXHeadersBuildPhase section */

/* Begin PBXNativeTarget section */
		7F84B61E1CC506790059A82B /* JaredFramework */ = {
			isa = PBXNativeTarget;
			buildConfigurationList = 7F84B6281CC506790059A82B /* Build configuration list for PBXNativeTarget "JaredFramework" */;
			buildPhases = (
				7F84B61A1CC506790059A82B /* Sources */,
				7F84B61B1CC506790059A82B /* Frameworks */,
				7F84B61C1CC506790059A82B /* Headers */,
				7F84B61D1CC506790059A82B /* Resources */,
			);
			buildRules = (
			);
			dependencies = (
			);
			name = JaredFramework;
			productName = JaredFramework;
			productReference = 7F84B61F1CC506790059A82B /* JaredFramework.framework */;
			productType = "com.apple.product-type.framework";
		};
		B33278761CB2CB1300BBDD3A /* JaredUI */ = {
			isa = PBXNativeTarget;
			buildConfigurationList = B33278831CB2CB1300BBDD3A /* Build configuration list for PBXNativeTarget "JaredUI" */;
			buildPhases = (
				AF01638400485C00E0947C76 /* [CP] Check Pods Manifest.lock */,
				B33278731CB2CB1300BBDD3A /* Sources */,
				B33278741CB2CB1300BBDD3A /* Frameworks */,
				B33278751CB2CB1300BBDD3A /* Resources */,
				B39A65DD1CC1F8BC003E26B0 /* Embed Frameworks */,
				7D874CC6DD192CC67F87BEB5 /* [CP] Embed Pods Frameworks */,
				B65EBE7C4ECD972DBDA97E50 /* [CP] Copy Pods Resources */,
			);
			buildRules = (
			);
			dependencies = (
				7F84B6251CC506790059A82B /* PBXTargetDependency */,
			);
			name = JaredUI;
			productName = JaredUI;
			productReference = B33278771CB2CB1300BBDD3A /* JaredUI.app */;
			productType = "com.apple.product-type.application";
		};
/* End PBXNativeTarget section */

/* Begin PBXProject section */
		B39EC16A1CB01F55002C3161 /* Project object */ = {
			isa = PBXProject;
			attributes = {
				KnownAssetTags = (
					New,
				);
				LastSwiftUpdateCheck = 0730;
				LastUpgradeCheck = 1000;
				ORGANIZATIONNAME = "Zeke Snider";
				TargetAttributes = {
					7F84B61E1CC506790059A82B = {
						CreatedOnToolsVersion = 7.3;
						LastSwiftMigration = 0900;
					};
					B33278761CB2CB1300BBDD3A = {
						CreatedOnToolsVersion = 7.3;
						DevelopmentTeam = C7LJ587XF3;
						LastSwiftMigration = 1010;
					};
				};
			};
			buildConfigurationList = B39EC16D1CB01F55002C3161 /* Build configuration list for PBXProject "Jared" */;
			compatibilityVersion = "Xcode 3.2";
			developmentRegion = English;
			hasScannedForEncodings = 0;
			knownRegions = (
				en,
				Base,
				ja,
			);
			mainGroup = B39EC1691CB01F55002C3161;
			productRefGroup = B39EC1731CB01F55002C3161 /* Products */;
			projectDirPath = "";
			projectRoot = "";
			targets = (
				B33278761CB2CB1300BBDD3A /* JaredUI */,
				7F84B61E1CC506790059A82B /* JaredFramework */,
			);
		};
/* End PBXProject section */

/* Begin PBXResourcesBuildPhase section */
		7F84B61D1CC506790059A82B /* Resources */ = {
			isa = PBXResourcesBuildPhase;
			buildActionMask = 2147483647;
			files = (
			);
			runOnlyForDeploymentPostprocessing = 0;
		};
		B33278751CB2CB1300BBDD3A /* Resources */ = {
			isa = PBXResourcesBuildPhase;
			buildActionMask = 2147483647;
			files = (
				B34792191FC8B03F001BD465 /* Jared.applescript in Resources */,
				7F84B62E1CC511B80059A82B /* CoreStrings.strings in Resources */,
				B39F2B391CB3BCA700C0D35C /* SendText.scpt in Resources */,
				B332787E1CB2CB1300BBDD3A /* Assets.xcassets in Resources */,
				7FE220ED1CB3C8340081CE23 /* podfile in Resources */,
				B361EEBB1F1DE24C0041113C /* config.json in Resources */,
				7FF077EB1CBCFFCB008E33CB /* SendImage.scpt in Resources */,
				B33278811CB2CB1300BBDD3A /* Main.storyboard in Resources */,
				B33278891CB2D0C600BBDD3A /* Jared.sdef in Resources */,
				B37E82821FA85B210069E15D /* SendTextSingleBuddy.scpt in Resources */,
			);
			runOnlyForDeploymentPostprocessing = 0;
		};
/* End PBXResourcesBuildPhase section */

/* Begin PBXShellScriptBuildPhase section */
		7D874CC6DD192CC67F87BEB5 /* [CP] Embed Pods Frameworks */ = {
			isa = PBXShellScriptBuildPhase;
			buildActionMask = 2147483647;
			files = (
			);
			inputPaths = (
				"${SRCROOT}/Pods/Target Support Files/Pods-JaredUI/Pods-JaredUI-frameworks.sh",
				"${BUILT_PRODUCTS_DIR}/Alamofire/Alamofire.framework",
				"${BUILT_PRODUCTS_DIR}/Realm/Realm.framework",
				"${BUILT_PRODUCTS_DIR}/RealmSwift/RealmSwift.framework",
				"${BUILT_PRODUCTS_DIR}/SwiftyJSON/SwiftyJSON.framework",
			);
			name = "[CP] Embed Pods Frameworks";
			outputPaths = (
				"${TARGET_BUILD_DIR}/${FRAMEWORKS_FOLDER_PATH}/Alamofire.framework",
				"${TARGET_BUILD_DIR}/${FRAMEWORKS_FOLDER_PATH}/Realm.framework",
				"${TARGET_BUILD_DIR}/${FRAMEWORKS_FOLDER_PATH}/RealmSwift.framework",
				"${TARGET_BUILD_DIR}/${FRAMEWORKS_FOLDER_PATH}/SwiftyJSON.framework",
			);
			runOnlyForDeploymentPostprocessing = 0;
			shellPath = /bin/sh;
			shellScript = "\"${SRCROOT}/Pods/Target Support Files/Pods-JaredUI/Pods-JaredUI-frameworks.sh\"\n";
			showEnvVarsInLog = 0;
		};
		AF01638400485C00E0947C76 /* [CP] Check Pods Manifest.lock */ = {
			isa = PBXShellScriptBuildPhase;
			buildActionMask = 2147483647;
			files = (
			);
			inputPaths = (
				"${PODS_PODFILE_DIR_PATH}/Podfile.lock",
				"${PODS_ROOT}/Manifest.lock",
			);
			name = "[CP] Check Pods Manifest.lock";
			outputPaths = (
				"$(DERIVED_FILE_DIR)/Pods-JaredUI-checkManifestLockResult.txt",
			);
			runOnlyForDeploymentPostprocessing = 0;
			shellPath = /bin/sh;
			shellScript = "diff \"${PODS_PODFILE_DIR_PATH}/Podfile.lock\" \"${PODS_ROOT}/Manifest.lock\" > /dev/null\nif [ $? != 0 ] ; then\n    # print error to STDERR\n    echo \"error: The sandbox is not in sync with the Podfile.lock. Run 'pod install' or update your CocoaPods installation.\" >&2\n    exit 1\nfi\n# This output is used by Xcode 'outputs' to avoid re-running this script phase.\necho \"SUCCESS\" > \"${SCRIPT_OUTPUT_FILE_0}\"\n";
			showEnvVarsInLog = 0;
		};
		B65EBE7C4ECD972DBDA97E50 /* [CP] Copy Pods Resources */ = {
			isa = PBXShellScriptBuildPhase;
			buildActionMask = 2147483647;
			files = (
			);
			inputPaths = (
			);
			name = "[CP] Copy Pods Resources";
			outputPaths = (
			);
			runOnlyForDeploymentPostprocessing = 0;
			shellPath = /bin/sh;
			shellScript = "\"${SRCROOT}/Pods/Target Support Files/Pods-JaredUI/Pods-JaredUI-resources.sh\"\n";
			showEnvVarsInLog = 0;
		};
/* End PBXShellScriptBuildPhase section */

/* Begin PBXSourcesBuildPhase section */
		7F84B61A1CC506790059A82B /* Sources */ = {
			isa = PBXSourcesBuildPhase;
			buildActionMask = 2147483647;
			files = (
				7F84B62B1CC5069C0059A82B /* amain.swift in Sources */,
			);
			runOnlyForDeploymentPostprocessing = 0;
		};
		B33278731CB2CB1300BBDD3A /* Sources */ = {
			isa = PBXSourcesBuildPhase;
			buildActionMask = 2147483647;
			files = (
				B39A65E01CC1FB1B003E26B0 /* Routing.swift in Sources */,
				B3BBA7D11CB3284A00E1749C /* CoreModule.swift in Sources */,
				B36563EF1F3D68980064B114 /* TouchBarTextFieldExtension.swift in Sources */,
				B3BBA7CA1CB2F69800E1749C /* MessageReceive.swift in Sources */,
				B34792161FC8A605001BD465 /* SimpleInstall.swift in Sources */,
				B35CE7152196AD4E002F52A7 /* sqlitetest.swift in Sources */,
				B332787C1CB2CB1300BBDD3A /* ViewController.swift in Sources */,
				B332787A1CB2CB1300BBDD3A /* AppDelegate.swift in Sources */,
				B316D1A61F3FFDF100AFF063 /* CoreModuleRealm.swift in Sources */,
				7F0E931D1D02FC250096BABE /* Global.swift in Sources */,
			);
			runOnlyForDeploymentPostprocessing = 0;
		};
/* End PBXSourcesBuildPhase section */

/* Begin PBXTargetDependency section */
		7F84B6251CC506790059A82B /* PBXTargetDependency */ = {
			isa = PBXTargetDependency;
			target = 7F84B61E1CC506790059A82B /* JaredFramework */;
			targetProxy = 7F84B6241CC506790059A82B /* PBXContainerItemProxy */;
		};
/* End PBXTargetDependency section */

/* Begin PBXVariantGroup section */
		B332787F1CB2CB1300BBDD3A /* Main.storyboard */ = {
			isa = PBXVariantGroup;
			children = (
				B33278801CB2CB1300BBDD3A /* Base */,
				B3BBA7CF1CB327C200E1749C /* ja */,
			);
			name = Main.storyboard;
			sourceTree = "<group>";
		};
		B3BBA7CD1CB3259A00E1749C /* CoreStrings.strings */ = {
			isa = PBXVariantGroup;
			children = (
				B3BBA7CC1CB3259A00E1749C /* en */,
				B3BBA7D01CB327C200E1749C /* ja */,
			);
			name = CoreStrings.strings;
			sourceTree = "<group>";
		};
/* End PBXVariantGroup section */

/* Begin XCBuildConfiguration section */
		7F84B6291CC506790059A82B /* Debug */ = {
			isa = XCBuildConfiguration;
			buildSettings = {
				COMBINE_HIDPI_IMAGES = YES;
				CURRENT_PROJECT_VERSION = 1;
				DEFINES_MODULE = YES;
				DYLIB_COMPATIBILITY_VERSION = 1;
				DYLIB_CURRENT_VERSION = 1;
				DYLIB_INSTALL_NAME_BASE = "@rpath";
				FRAMEWORK_VERSION = A;
				INFOPLIST_FILE = JaredFramework/Info.plist;
				INSTALL_PATH = "$(LOCAL_LIBRARY_DIR)/Frameworks";
				LD_RUNPATH_SEARCH_PATHS = "$(inherited) @executable_path/../Frameworks @loader_path/Frameworks";
				PRODUCT_BUNDLE_IDENTIFIER = com.jaredapp.JaredFramework;
				PRODUCT_NAME = "$(TARGET_NAME)";
				SKIP_INSTALL = YES;
				SWIFT_SWIFT3_OBJC_INFERENCE = Default;
				SWIFT_VERSION = 4.0;
				VERSIONING_SYSTEM = "apple-generic";
				VERSION_INFO_PREFIX = "";
			};
			name = Debug;
		};
		7F84B62A1CC506790059A82B /* Release */ = {
			isa = XCBuildConfiguration;
			buildSettings = {
				COMBINE_HIDPI_IMAGES = YES;
				CURRENT_PROJECT_VERSION = 1;
				DEFINES_MODULE = YES;
				DYLIB_COMPATIBILITY_VERSION = 1;
				DYLIB_CURRENT_VERSION = 1;
				DYLIB_INSTALL_NAME_BASE = "@rpath";
				FRAMEWORK_VERSION = A;
				INFOPLIST_FILE = JaredFramework/Info.plist;
				INSTALL_PATH = "$(LOCAL_LIBRARY_DIR)/Frameworks";
				LD_RUNPATH_SEARCH_PATHS = "$(inherited) @executable_path/../Frameworks @loader_path/Frameworks";
				PRODUCT_BUNDLE_IDENTIFIER = com.jaredapp.JaredFramework;
				PRODUCT_NAME = "$(TARGET_NAME)";
				SKIP_INSTALL = YES;
				SWIFT_SWIFT3_OBJC_INFERENCE = Default;
				SWIFT_VERSION = 4.0;
				VERSIONING_SYSTEM = "apple-generic";
				VERSION_INFO_PREFIX = "";
			};
			name = Release;
		};
		B33278841CB2CB1300BBDD3A /* Debug */ = {
			isa = XCBuildConfiguration;
			baseConfigurationReference = B85E2F9206C873C167385410 /* Pods-JaredUI.debug.xcconfig */;
			buildSettings = {
				ALWAYS_EMBED_SWIFT_STANDARD_LIBRARIES = YES;
				ASSETCATALOG_COMPILER_APPICON_NAME = AppIcon;
				CODE_SIGN_IDENTITY = "Mac Developer";
				"CODE_SIGN_IDENTITY[sdk=macosx*]" = "Mac Developer";
				COMBINE_HIDPI_IMAGES = YES;
				INFOPLIST_FILE = JaredUI/Info.plist;
				LD_RUNPATH_SEARCH_PATHS = "$(inherited) @executable_path/../Frameworks";
				MACOSX_DEPLOYMENT_TARGET = 10.11;
				PRODUCT_BUNDLE_IDENTIFIER = com.jaredapp;
				PRODUCT_NAME = "$(TARGET_NAME)";
				PROVISIONING_PROFILE = "";
				SWIFT_OBJC_INTERFACE_HEADER_NAME = "";
				SWIFT_VERSION = 4.2;
			};
			name = Debug;
		};
		B33278851CB2CB1300BBDD3A /* Release */ = {
			isa = XCBuildConfiguration;
			baseConfigurationReference = 36A7776B61089A66EA5C166B /* Pods-JaredUI.release.xcconfig */;
			buildSettings = {
				ALWAYS_EMBED_SWIFT_STANDARD_LIBRARIES = YES;
				ASSETCATALOG_COMPILER_APPICON_NAME = AppIcon;
				CODE_SIGN_IDENTITY = "Mac Developer";
				"CODE_SIGN_IDENTITY[sdk=macosx*]" = "Mac Developer";
				COMBINE_HIDPI_IMAGES = YES;
				INFOPLIST_FILE = JaredUI/Info.plist;
				LD_RUNPATH_SEARCH_PATHS = "$(inherited) @executable_path/../Frameworks";
				MACOSX_DEPLOYMENT_TARGET = 10.11;
				PRODUCT_BUNDLE_IDENTIFIER = com.jaredapp;
				PRODUCT_NAME = "$(TARGET_NAME)";
				PROVISIONING_PROFILE = "";
				SWIFT_OBJC_INTERFACE_HEADER_NAME = "";
				SWIFT_OPTIMIZATION_LEVEL = "-Owholemodule";
				SWIFT_VERSION = 4.2;
			};
			name = Release;
		};
		B39EC1771CB01F55002C3161 /* Debug */ = {
			isa = XCBuildConfiguration;
			buildSettings = {
				ALWAYS_SEARCH_USER_PATHS = NO;
				CLANG_ANALYZER_LOCALIZABILITY_NONLOCALIZED = YES;
				CLANG_ANALYZER_NONNULL = YES;
				CLANG_CXX_LANGUAGE_STANDARD = "gnu++0x";
				CLANG_CXX_LIBRARY = "libc++";
				CLANG_ENABLE_MODULES = YES;
				CLANG_ENABLE_OBJC_ARC = YES;
				CLANG_WARN_BLOCK_CAPTURE_AUTORELEASING = YES;
				CLANG_WARN_BOOL_CONVERSION = YES;
				CLANG_WARN_COMMA = YES;
				CLANG_WARN_CONSTANT_CONVERSION = YES;
				CLANG_WARN_DEPRECATED_OBJC_IMPLEMENTATIONS = YES;
				CLANG_WARN_DIRECT_OBJC_ISA_USAGE = YES_ERROR;
				CLANG_WARN_EMPTY_BODY = YES;
				CLANG_WARN_ENUM_CONVERSION = YES;
				CLANG_WARN_INFINITE_RECURSION = YES;
				CLANG_WARN_INT_CONVERSION = YES;
				CLANG_WARN_NON_LITERAL_NULL_CONVERSION = YES;
				CLANG_WARN_OBJC_IMPLICIT_RETAIN_SELF = YES;
				CLANG_WARN_OBJC_LITERAL_CONVERSION = YES;
				CLANG_WARN_OBJC_ROOT_CLASS = YES_ERROR;
				CLANG_WARN_RANGE_LOOP_ANALYSIS = YES;
				CLANG_WARN_STRICT_PROTOTYPES = YES;
				CLANG_WARN_SUSPICIOUS_MOVE = YES;
				CLANG_WARN_UNREACHABLE_CODE = YES;
				CLANG_WARN__DUPLICATE_METHOD_MATCH = YES;
				CODE_SIGN_IDENTITY = "-";
				COPY_PHASE_STRIP = NO;
				DEBUG_INFORMATION_FORMAT = dwarf;
				ENABLE_STRICT_OBJC_MSGSEND = YES;
				ENABLE_TESTABILITY = YES;
				GCC_C_LANGUAGE_STANDARD = gnu99;
				GCC_DYNAMIC_NO_PIC = NO;
				GCC_NO_COMMON_BLOCKS = YES;
				GCC_OPTIMIZATION_LEVEL = 0;
				GCC_PREPROCESSOR_DEFINITIONS = (
					"DEBUG=1",
					"$(inherited)",
				);
				GCC_WARN_64_TO_32_BIT_CONVERSION = YES;
				GCC_WARN_ABOUT_RETURN_TYPE = YES_ERROR;
				GCC_WARN_UNDECLARED_SELECTOR = YES;
				GCC_WARN_UNINITIALIZED_AUTOS = YES_AGGRESSIVE;
				GCC_WARN_UNUSED_FUNCTION = YES;
				GCC_WARN_UNUSED_VARIABLE = YES;
				MACOSX_DEPLOYMENT_TARGET = 10.11;
				MTL_ENABLE_DEBUG_INFO = YES;
				ONLY_ACTIVE_ARCH = YES;
				SDKROOT = macosx;
				SWIFT_OPTIMIZATION_LEVEL = "-Onone";
			};
			name = Debug;
		};
		B39EC1781CB01F55002C3161 /* Release */ = {
			isa = XCBuildConfiguration;
			buildSettings = {
				ALWAYS_SEARCH_USER_PATHS = NO;
				CLANG_ANALYZER_LOCALIZABILITY_NONLOCALIZED = YES;
				CLANG_ANALYZER_NONNULL = YES;
				CLANG_CXX_LANGUAGE_STANDARD = "gnu++0x";
				CLANG_CXX_LIBRARY = "libc++";
				CLANG_ENABLE_MODULES = YES;
				CLANG_ENABLE_OBJC_ARC = YES;
				CLANG_WARN_BLOCK_CAPTURE_AUTORELEASING = YES;
				CLANG_WARN_BOOL_CONVERSION = YES;
				CLANG_WARN_COMMA = YES;
				CLANG_WARN_CONSTANT_CONVERSION = YES;
				CLANG_WARN_DEPRECATED_OBJC_IMPLEMENTATIONS = YES;
				CLANG_WARN_DIRECT_OBJC_ISA_USAGE = YES_ERROR;
				CLANG_WARN_EMPTY_BODY = YES;
				CLANG_WARN_ENUM_CONVERSION = YES;
				CLANG_WARN_INFINITE_RECURSION = YES;
				CLANG_WARN_INT_CONVERSION = YES;
				CLANG_WARN_NON_LITERAL_NULL_CONVERSION = YES;
				CLANG_WARN_OBJC_IMPLICIT_RETAIN_SELF = YES;
				CLANG_WARN_OBJC_LITERAL_CONVERSION = YES;
				CLANG_WARN_OBJC_ROOT_CLASS = YES_ERROR;
				CLANG_WARN_RANGE_LOOP_ANALYSIS = YES;
				CLANG_WARN_STRICT_PROTOTYPES = YES;
				CLANG_WARN_SUSPICIOUS_MOVE = YES;
				CLANG_WARN_UNREACHABLE_CODE = YES;
				CLANG_WARN__DUPLICATE_METHOD_MATCH = YES;
				CODE_SIGN_IDENTITY = "-";
				COPY_PHASE_STRIP = NO;
				DEBUG_INFORMATION_FORMAT = "dwarf-with-dsym";
				ENABLE_NS_ASSERTIONS = NO;
				ENABLE_STRICT_OBJC_MSGSEND = YES;
				GCC_C_LANGUAGE_STANDARD = gnu99;
				GCC_NO_COMMON_BLOCKS = YES;
				GCC_WARN_64_TO_32_BIT_CONVERSION = YES;
				GCC_WARN_ABOUT_RETURN_TYPE = YES_ERROR;
				GCC_WARN_UNDECLARED_SELECTOR = YES;
				GCC_WARN_UNINITIALIZED_AUTOS = YES_AGGRESSIVE;
				GCC_WARN_UNUSED_FUNCTION = YES;
				GCC_WARN_UNUSED_VARIABLE = YES;
				MACOSX_DEPLOYMENT_TARGET = 10.11;
				MTL_ENABLE_DEBUG_INFO = NO;
				SDKROOT = macosx;
				SWIFT_OPTIMIZATION_LEVEL = "-Owholemodule";
			};
			name = Release;
		};
/* End XCBuildConfiguration section */

/* Begin XCConfigurationList section */
		7F84B6281CC506790059A82B /* Build configuration list for PBXNativeTarget "JaredFramework" */ = {
			isa = XCConfigurationList;
			buildConfigurations = (
				7F84B6291CC506790059A82B /* Debug */,
				7F84B62A1CC506790059A82B /* Release */,
			);
			defaultConfigurationIsVisible = 0;
			defaultConfigurationName = Release;
		};
		B33278831CB2CB1300BBDD3A /* Build configuration list for PBXNativeTarget "JaredUI" */ = {
			isa = XCConfigurationList;
			buildConfigurations = (
				B33278841CB2CB1300BBDD3A /* Debug */,
				B33278851CB2CB1300BBDD3A /* Release */,
			);
			defaultConfigurationIsVisible = 0;
			defaultConfigurationName = Release;
		};
		B39EC16D1CB01F55002C3161 /* Build configuration list for PBXProject "Jared" */ = {
			isa = XCConfigurationList;
			buildConfigurations = (
				B39EC1771CB01F55002C3161 /* Debug */,
				B39EC1781CB01F55002C3161 /* Release */,
			);
			defaultConfigurationIsVisible = 0;
			defaultConfigurationName = Release;
		};
/* End XCConfigurationList section */
	};
	rootObject = B39EC16A1CB01F55002C3161 /* Project object */;
}
