// !$*UTF8*$!
{
	archiveVersion = 1;
	classes = {
	};
	objectVersion = 46;
	objects = {

/* Begin PBXBuildFile section */
		1D6188C0EEA4AA406C15CC9E /* Pods_Jared.framework in Frameworks */ = {isa = PBXBuildFile; fileRef = 4589B5638BC576CC8AB2700A /* Pods_Jared.framework */; };
		7F0E931D1D02FC250096BABE /* Global.swift in Sources */ = {isa = PBXBuildFile; fileRef = 7F0E931C1D02FC250096BABE /* Global.swift */; };
		7F84B6221CC506790059A82B /* JaredFramework.h in Headers */ = {isa = PBXBuildFile; fileRef = 7F84B6211CC506790059A82B /* JaredFramework.h */; settings = {ATTRIBUTES = (Public, ); }; };
		7F84B6261CC506790059A82B /* JaredFramework.framework in Frameworks */ = {isa = PBXBuildFile; fileRef = 7F84B61F1CC506790059A82B /* JaredFramework.framework */; };
		7F84B6271CC506790059A82B /* JaredFramework.framework in Embed Frameworks */ = {isa = PBXBuildFile; fileRef = 7F84B61F1CC506790059A82B /* JaredFramework.framework */; settings = {ATTRIBUTES = (CodeSignOnCopy, RemoveHeadersOnCopy, ); }; };
		7F84B62E1CC511B80059A82B /* Localizable.strings in Resources */ = {isa = PBXBuildFile; fileRef = B3BBA7CD1CB3259A00E1749C /* Localizable.strings */; };
		7FE220ED1CB3C8340081CE23 /* podfile in Resources */ = {isa = PBXBuildFile; fileRef = 7FE220EC1CB3C8340081CE23 /* podfile */; };
		7FF077EB1CBCFFCB008E33CB /* SendImage.scpt in Resources */ = {isa = PBXBuildFile; fileRef = 7FF077EA1CBCFFCB008E33CB /* SendImage.scpt */; };
		B30F765624C5742800ADF57B /* SendTextUI.scpt in Resources */ = {isa = PBXBuildFile; fileRef = B30F765424C5740800ADF57B /* SendTextUI.scpt */; };
		B319235724DD311B001904BA /* InternalModuleTest.swift in Sources */ = {isa = PBXBuildFile; fileRef = B319235624DD311B001904BA /* InternalModuleTest.swift */; };
		B319235824DD319D001904BA /* InternalModule.swift in Sources */ = {isa = PBXBuildFile; fileRef = B3BF17C3244EBF4900CC44C5 /* InternalModule.swift */; };
		B319236224DE76A2001904BA /* JaredUITests.swift in Sources */ = {isa = PBXBuildFile; fileRef = B319236124DE76A2001904BA /* JaredUITests.swift */; };
		B32DE51524D51F9C00AB3A71 /* RouterTests.swift in Sources */ = {isa = PBXBuildFile; fileRef = B32DE51424D51F9C00AB3A71 /* RouterTests.swift */; };
		B32DE51624D522DA00AB3A71 /* Router.swift in Sources */ = {isa = PBXBuildFile; fileRef = B3BF17C1244EBE9A00CC44C5 /* Router.swift */; };
		B32DE51824D5231800AB3A71 /* PluginManagerDelegate.swift in Sources */ = {isa = PBXBuildFile; fileRef = B3BF17C7244EC89200CC44C5 /* PluginManagerDelegate.swift */; };
		B32DE51A24D5524300AB3A71 /* Action.swift in Sources */ = {isa = PBXBuildFile; fileRef = B32DE51924D5524300AB3A71 /* Action.swift */; };
		B32DE51C24D552D300AB3A71 /* MockPluginManager.swift in Sources */ = {isa = PBXBuildFile; fileRef = B32DE51B24D552D300AB3A71 /* MockPluginManager.swift */; };
		B332787A1CB2CB1300BBDD3A /* AppDelegate.swift in Sources */ = {isa = PBXBuildFile; fileRef = B33278791CB2CB1300BBDD3A /* AppDelegate.swift */; };
		B332787C1CB2CB1300BBDD3A /* ViewController.swift in Sources */ = {isa = PBXBuildFile; fileRef = B332787B1CB2CB1300BBDD3A /* ViewController.swift */; };
		B332787E1CB2CB1300BBDD3A /* Assets.xcassets in Resources */ = {isa = PBXBuildFile; fileRef = B332787D1CB2CB1300BBDD3A /* Assets.xcassets */; };
		B33278811CB2CB1300BBDD3A /* Main.storyboard in Resources */ = {isa = PBXBuildFile; fileRef = B332787F1CB2CB1300BBDD3A /* Main.storyboard */; };
		B3327DC42206607B009DD882 /* ContactHelper.swift in Sources */ = {isa = PBXBuildFile; fileRef = B3327DC32206607B009DD882 /* ContactHelper.swift */; };
		B3327DC622066427009DD882 /* WebHookManager.swift in Sources */ = {isa = PBXBuildFile; fileRef = B3327DC522066427009DD882 /* WebHookManager.swift */; };
		B3327DD8220682ED009DD882 /* WebhookTests.swift in Sources */ = {isa = PBXBuildFile; fileRef = B3327DC722068147009DD882 /* WebhookTests.swift */; };
		B347A4A224DA766A00E93657 /* MessageRequest.swift in Sources */ = {isa = PBXBuildFile; fileRef = B3A4C61323B867E300B7F009 /* MessageRequest.swift */; };
		B347A4A624DD0CE500E93657 /* MessageSender.swift in Sources */ = {isa = PBXBuildFile; fileRef = B347A4A324DD0B7400E93657 /* MessageSender.swift */; };
		B347A4A724DD0FCF00E93657 /* Jared.swift in Sources */ = {isa = PBXBuildFile; fileRef = B3EF1DA92206E09B00953DE7 /* Jared.swift */; };
		B347A4AB24DD165200E93657 /* ActionType.swift in Sources */ = {isa = PBXBuildFile; fileRef = B347A4AA24DD165200E93657 /* ActionType.swift */; };
		B347A4AD24DD170C00E93657 /* ActionTest.swift in Sources */ = {isa = PBXBuildFile; fileRef = B347A4AC24DD170C00E93657 /* ActionTest.swift */; };
		B347A4AF24DD1CD000E93657 /* GlobalTest.swift in Sources */ = {isa = PBXBuildFile; fileRef = B347A4AE24DD1CD000E93657 /* GlobalTest.swift */; };
		B347A4B024DD1E0E00E93657 /* Global.swift in Sources */ = {isa = PBXBuildFile; fileRef = 7F0E931C1D02FC250096BABE /* Global.swift */; };
		B353946224E64DDE00F9424A /* PersistentContainer.swift in Sources */ = {isa = PBXBuildFile; fileRef = B353946124E64DDE00F9424A /* PersistentContainer.swift */; };
		B353946424E7A89A00F9424A /* Message.swift in Sources */ = {isa = PBXBuildFile; fileRef = B353946324E7A89A00F9424A /* Message.swift */; };
		B353946824E7C58E00F9424A /* Localizable.strings in Resources */ = {isa = PBXBuildFile; fileRef = B3BBA7CD1CB3259A00E1749C /* Localizable.strings */; };
		B35CE7152196AD4E002F52A7 /* DatabaseHandler.swift in Sources */ = {isa = PBXBuildFile; fileRef = B35CE7142196AD4E002F52A7 /* DatabaseHandler.swift */; };
		B361EEBB1F1DE24C0041113C /* config.json in Resources */ = {isa = PBXBuildFile; fileRef = B361EEBA1F1DE24C0041113C /* config.json */; };
		B36563EF1F3D68980064B114 /* TouchBarTextFieldExtension.swift in Sources */ = {isa = PBXBuildFile; fileRef = B36563EE1F3D68980064B114 /* TouchBarTextFieldExtension.swift */; };
		B36710E224DFB5EC00DA1C5D /* JaredMock.swift in Sources */ = {isa = PBXBuildFile; fileRef = B347A4A824DD119A00E93657 /* JaredMock.swift */; };
		B369509024DE8FD00027CB1E /* Configuration.plist in Resources */ = {isa = PBXBuildFile; fileRef = B369508F24DE8FD00027CB1E /* Configuration.plist */; };
		B369509224DE91760027CB1E /* Configuration.swift in Sources */ = {isa = PBXBuildFile; fileRef = B369509124DE91760027CB1E /* Configuration.swift */; };
		B369509324DE952D0027CB1E /* Configuration.plist in Resources */ = {isa = PBXBuildFile; fileRef = B369508F24DE8FD00027CB1E /* Configuration.plist */; };
		B369509424DE963D0027CB1E /* Configuration.plist in Resources */ = {isa = PBXBuildFile; fileRef = B369508F24DE8FD00027CB1E /* Configuration.plist */; };
		B369509524DF224D0027CB1E /* SendImageSingleBuddy.scpt in Resources */ = {isa = PBXBuildFile; fileRef = B37E82801FA85B170069E15D /* SendImageSingleBuddy.scpt */; };
		B375A65921EB14470073F09F /* AboutViewController.swift in Sources */ = {isa = PBXBuildFile; fileRef = B375A65821EB14470073F09F /* AboutViewController.swift */; };
		B37E82821FA85B210069E15D /* SendTextSingleBuddy.scpt in Resources */ = {isa = PBXBuildFile; fileRef = B37E82811FA85B210069E15D /* SendTextSingleBuddy.scpt */; };
		B39A65E01CC1FB1B003E26B0 /* PluginManager.swift in Sources */ = {isa = PBXBuildFile; fileRef = B39A65DF1CC1FB1B003E26B0 /* PluginManager.swift */; };
		B39F2B391CB3BCA700C0D35C /* SendText.scpt in Resources */ = {isa = PBXBuildFile; fileRef = B39F2B381CB3BCA700C0D35C /* SendText.scpt */; };
		B3A4C61423B867E300B7F009 /* MessageRequest.swift in Sources */ = {isa = PBXBuildFile; fileRef = B3A4C61323B867E300B7F009 /* MessageRequest.swift */; };
		B3AECB5F2207CE33003E32F8 /* JaredFramework.framework in Frameworks */ = {isa = PBXBuildFile; fileRef = 7F84B61F1CC506790059A82B /* JaredFramework.framework */; };
		B3B844B824D7791800DC162A /* ActionTypeTest.swift in Sources */ = {isa = PBXBuildFile; fileRef = B3B844B724D7791700DC162A /* ActionTypeTest.swift */; };
		B3B844BA24D77A4900DC162A /* SendStyleTest.swift in Sources */ = {isa = PBXBuildFile; fileRef = B3B844B924D77A4800DC162A /* SendStyleTest.swift */; };
		B3B844BC24D77BF200DC162A /* SendStyle.swift in Sources */ = {isa = PBXBuildFile; fileRef = B3B844BB24D77BF200DC162A /* SendStyle.swift */; };
		B3B844BE24D8F90000DC162A /* scaffold.db in Resources */ = {isa = PBXBuildFile; fileRef = B3B844BD24D8F8FF00DC162A /* scaffold.db */; };
		B3B844C024D8F91900DC162A /* DatabaseHandlerTest.swift in Sources */ = {isa = PBXBuildFile; fileRef = B3B844BF24D8F91900DC162A /* DatabaseHandlerTest.swift */; };
		B3B844C224D8FA7D00DC162A /* DatabaseTestHelper.swift in Sources */ = {isa = PBXBuildFile; fileRef = B3B844C124D8FA7D00DC162A /* DatabaseTestHelper.swift */; };
		B3B844C424D9288000DC162A /* RouterDelegate.swift in Sources */ = {isa = PBXBuildFile; fileRef = B3B844C324D9287F00DC162A /* RouterDelegate.swift */; };
		B3B844C524D9288000DC162A /* RouterDelegate.swift in Sources */ = {isa = PBXBuildFile; fileRef = B3B844C324D9287F00DC162A /* RouterDelegate.swift */; };
		B3B844C724D9298000DC162A /* MockRouter.swift in Sources */ = {isa = PBXBuildFile; fileRef = B3B844C624D9298000DC162A /* MockRouter.swift */; };
		B3B844C824D92C2200DC162A /* DatabaseHandler.swift in Sources */ = {isa = PBXBuildFile; fileRef = B35CE7142196AD4E002F52A7 /* DatabaseHandler.swift */; };
		B3B844C924D92D1500DC162A /* ContactHelper.swift in Sources */ = {isa = PBXBuildFile; fileRef = B3327DC32206607B009DD882 /* ContactHelper.swift */; };
		B3B844CB24DA5D1700DC162A /* DiskAccessDelegate.swift in Sources */ = {isa = PBXBuildFile; fileRef = B3B844CA24DA5D1700DC162A /* DiskAccessDelegate.swift */; };
		B3B844CC24DA671E00DC162A /* DiskAccessDelegate.swift in Sources */ = {isa = PBXBuildFile; fileRef = B3B844CA24DA5D1700DC162A /* DiskAccessDelegate.swift */; };
		B3B844CE24DA6AB200DC162A /* config.json in Resources */ = {isa = PBXBuildFile; fileRef = B3B844CD24DA6AB200DC162A /* config.json */; };
		B3B844D024DA6AC800DC162A /* JaredWebServerTest.swift in Sources */ = {isa = PBXBuildFile; fileRef = B3B844CF24DA6AC800DC162A /* JaredWebServerTest.swift */; };
		B3B844D224DA6BBB00DC162A /* JaredWebServer.swift in Sources */ = {isa = PBXBuildFile; fileRef = B3C59283224DD17900116ECB /* JaredWebServer.swift */; };
		B3BBA7D11CB3284A00E1749C /* CoreModule.swift in Sources */ = {isa = PBXBuildFile; fileRef = B39EC17D1CB01FEF002C3161 /* CoreModule.swift */; };
		B3BF17C2244EBE9A00CC44C5 /* Router.swift in Sources */ = {isa = PBXBuildFile; fileRef = B3BF17C1244EBE9A00CC44C5 /* Router.swift */; };
		B3BF17C4244EBF4900CC44C5 /* InternalModule.swift in Sources */ = {isa = PBXBuildFile; fileRef = B3BF17C3244EBF4900CC44C5 /* InternalModule.swift */; };
		B3BF17C6244EC47700CC44C5 /* MessageDelegate.swift in Sources */ = {isa = PBXBuildFile; fileRef = B3BF17C5244EC47700CC44C5 /* MessageDelegate.swift */; };
		B3BF17C8244ECC0E00CC44C5 /* PluginManagerDelegate.swift in Sources */ = {isa = PBXBuildFile; fileRef = B3BF17C7244EC89200CC44C5 /* PluginManagerDelegate.swift */; };
		B3BF17CA244FDA3F00CC44C5 /* MessageDelegate.swift in Sources */ = {isa = PBXBuildFile; fileRef = B3BF17C5244EC47700CC44C5 /* MessageDelegate.swift */; };
		B3C59284224DD17900116ECB /* JaredWebServer.swift in Sources */ = {isa = PBXBuildFile; fileRef = B3C59283224DD17900116ECB /* JaredWebServer.swift */; };
		B3EF1DA02206849000953DE7 /* WebHookManager.swift in Sources */ = {isa = PBXBuildFile; fileRef = B3327DC522066427009DD882 /* WebHookManager.swift */; };
		B3EF1DA4220687DD00953DE7 /* URLProtocolMock.swift in Sources */ = {isa = PBXBuildFile; fileRef = B3EF1DA3220687DD00953DE7 /* URLProtocolMock.swift */; };
		B3EF1DA62206DFEA00953DE7 /* Route.swift in Sources */ = {isa = PBXBuildFile; fileRef = B3EF1DA52206DFEA00953DE7 /* Route.swift */; };
		B3EF1DAC2206E17900953DE7 /* Entities.swift in Sources */ = {isa = PBXBuildFile; fileRef = B3EF1DAB2206E17900953DE7 /* Entities.swift */; };
		B3EF1DAE2206E19100953DE7 /* Bodies.swift in Sources */ = {isa = PBXBuildFile; fileRef = B3EF1DAD2206E19100953DE7 /* Bodies.swift */; };
		B3EF1DB02206E4EB00953DE7 /* MessageTests.swift in Sources */ = {isa = PBXBuildFile; fileRef = B3EF1DAF2206E4EB00953DE7 /* MessageTests.swift */; };
		B3F185F724E51C880051C696 /* CoreModule.xcdatamodeld in Sources */ = {isa = PBXBuildFile; fileRef = B3F185F524E51C880051C696 /* CoreModule.xcdatamodeld */; };
		E4911DF4614B81D99C27CFF5 /* Pods_JaredTests.framework in Frameworks */ = {isa = PBXBuildFile; fileRef = 468EA41747ED2E0CB098C6BD /* Pods_JaredTests.framework */; };
/* End PBXBuildFile section */

/* Begin PBXContainerItemProxy section */
		7F84B6241CC506790059A82B /* PBXContainerItemProxy */ = {
			isa = PBXContainerItemProxy;
			containerPortal = B39EC16A1CB01F55002C3161 /* Project object */;
			proxyType = 1;
			remoteGlobalIDString = 7F84B61E1CC506790059A82B;
			remoteInfo = JaredFramework;
		};
		B319236424DE76A2001904BA /* PBXContainerItemProxy */ = {
			isa = PBXContainerItemProxy;
			containerPortal = B39EC16A1CB01F55002C3161 /* Project object */;
			proxyType = 1;
			remoteGlobalIDString = B33278761CB2CB1300BBDD3A;
			remoteInfo = Jared;
		};
		B3327DD322068176009DD882 /* PBXContainerItemProxy */ = {
			isa = PBXContainerItemProxy;
			containerPortal = B39EC16A1CB01F55002C3161 /* Project object */;
			proxyType = 1;
			remoteGlobalIDString = B33278761CB2CB1300BBDD3A;
			remoteInfo = Jared;
		};
		B3EF1DA12206852500953DE7 /* PBXContainerItemProxy */ = {
			isa = PBXContainerItemProxy;
			containerPortal = B39EC16A1CB01F55002C3161 /* Project object */;
			proxyType = 1;
			remoteGlobalIDString = 7F84B61E1CC506790059A82B;
			remoteInfo = JaredFramework;
		};
/* End PBXContainerItemProxy section */

/* Begin PBXCopyFilesBuildPhase section */
		B39A65DD1CC1F8BC003E26B0 /* Embed Frameworks */ = {
			isa = PBXCopyFilesBuildPhase;
			buildActionMask = 2147483647;
			dstPath = "";
			dstSubfolderSpec = 10;
			files = (
				7F84B6271CC506790059A82B /* JaredFramework.framework in Embed Frameworks */,
			);
			name = "Embed Frameworks";
			runOnlyForDeploymentPostprocessing = 0;
		};
/* End PBXCopyFilesBuildPhase section */

/* Begin PBXFileReference section */
		0984B41FE3CF12361577AA41 /* Pods-Jared.debug.xcconfig */ = {isa = PBXFileReference; includeInIndex = 1; lastKnownFileType = text.xcconfig; name = "Pods-Jared.debug.xcconfig"; path = "Pods/Target Support Files/Pods-Jared/Pods-Jared.debug.xcconfig"; sourceTree = "<group>"; };
		19C9C2FBC44EE08B0C7851EA /* Pods.framework */ = {isa = PBXFileReference; explicitFileType = wrapper.framework; includeInIndex = 0; path = Pods.framework; sourceTree = BUILT_PRODUCTS_DIR; };
		36A7776B61089A66EA5C166B /* Pods-JaredUI.release.xcconfig */ = {isa = PBXFileReference; includeInIndex = 1; lastKnownFileType = text.xcconfig; name = "Pods-JaredUI.release.xcconfig"; path = "Pods/Target Support Files/Pods-JaredUI/Pods-JaredUI.release.xcconfig"; sourceTree = "<group>"; };
		4589B5638BC576CC8AB2700A /* Pods_Jared.framework */ = {isa = PBXFileReference; explicitFileType = wrapper.framework; includeInIndex = 0; path = Pods_Jared.framework; sourceTree = BUILT_PRODUCTS_DIR; };
		468EA41747ED2E0CB098C6BD /* Pods_JaredTests.framework */ = {isa = PBXFileReference; explicitFileType = wrapper.framework; includeInIndex = 0; path = Pods_JaredTests.framework; sourceTree = BUILT_PRODUCTS_DIR; };
		589F788B0CFB8CBDA890F242 /* Pods-JaredTests.debug.xcconfig */ = {isa = PBXFileReference; includeInIndex = 1; lastKnownFileType = text.xcconfig; name = "Pods-JaredTests.debug.xcconfig"; path = "Pods/Target Support Files/Pods-JaredTests/Pods-JaredTests.debug.xcconfig"; sourceTree = "<group>"; };
		64E9DE9392D51A396C2939FB /* Pods-JaredTests.release.xcconfig */ = {isa = PBXFileReference; includeInIndex = 1; lastKnownFileType = text.xcconfig; name = "Pods-JaredTests.release.xcconfig"; path = "Pods/Target Support Files/Pods-JaredTests/Pods-JaredTests.release.xcconfig"; sourceTree = "<group>"; };
		7F0E931C1D02FC250096BABE /* Global.swift */ = {isa = PBXFileReference; fileEncoding = 4; lastKnownFileType = sourcecode.swift; path = Global.swift; sourceTree = "<group>"; };
		7F84B61F1CC506790059A82B /* JaredFramework.framework */ = {isa = PBXFileReference; explicitFileType = wrapper.framework; includeInIndex = 0; path = JaredFramework.framework; sourceTree = BUILT_PRODUCTS_DIR; };
		7F84B6211CC506790059A82B /* JaredFramework.h */ = {isa = PBXFileReference; lastKnownFileType = sourcecode.c.h; path = JaredFramework.h; sourceTree = "<group>"; };
		7F84B6231CC506790059A82B /* Info.plist */ = {isa = PBXFileReference; lastKnownFileType = text.plist.xml; path = Info.plist; sourceTree = "<group>"; };
		7FE220EC1CB3C8340081CE23 /* podfile */ = {isa = PBXFileReference; fileEncoding = 4; lastKnownFileType = text; path = podfile; sourceTree = SOURCE_ROOT; xcLanguageSpecificationIdentifier = xcode.lang.ruby; };
		7FF077EA1CBCFFCB008E33CB /* SendImage.scpt */ = {isa = PBXFileReference; lastKnownFileType = file; path = SendImage.scpt; sourceTree = "<group>"; };
		8490C38E773007C8CC882DCB /* Pods-Jared.release.xcconfig */ = {isa = PBXFileReference; includeInIndex = 1; lastKnownFileType = text.xcconfig; name = "Pods-Jared.release.xcconfig"; path = "Pods/Target Support Files/Pods-Jared/Pods-Jared.release.xcconfig"; sourceTree = "<group>"; };
		B30F765424C5740800ADF57B /* SendTextUI.scpt */ = {isa = PBXFileReference; lastKnownFileType = text; path = SendTextUI.scpt; sourceTree = "<group>"; };
		B30F765724C574FD00ADF57B /* JaredRelease.entitlements */ = {isa = PBXFileReference; lastKnownFileType = text.plist.entitlements; path = JaredRelease.entitlements; sourceTree = "<group>"; };
		B319235624DD311B001904BA /* InternalModuleTest.swift */ = {isa = PBXFileReference; lastKnownFileType = sourcecode.swift; path = InternalModuleTest.swift; sourceTree = "<group>"; };
		B319235F24DE76A2001904BA /* JaredUITests.xctest */ = {isa = PBXFileReference; explicitFileType = wrapper.cfbundle; includeInIndex = 0; path = JaredUITests.xctest; sourceTree = BUILT_PRODUCTS_DIR; };
		B319236124DE76A2001904BA /* JaredUITests.swift */ = {isa = PBXFileReference; lastKnownFileType = sourcecode.swift; path = JaredUITests.swift; sourceTree = "<group>"; };
		B319236324DE76A2001904BA /* Info.plist */ = {isa = PBXFileReference; lastKnownFileType = text.plist.xml; path = Info.plist; sourceTree = "<group>"; };
		B32DE51424D51F9C00AB3A71 /* RouterTests.swift */ = {isa = PBXFileReference; lastKnownFileType = sourcecode.swift; path = RouterTests.swift; sourceTree = "<group>"; };
		B32DE51924D5524300AB3A71 /* Action.swift */ = {isa = PBXFileReference; lastKnownFileType = sourcecode.swift; path = Action.swift; sourceTree = "<group>"; };
		B32DE51B24D552D300AB3A71 /* MockPluginManager.swift */ = {isa = PBXFileReference; lastKnownFileType = sourcecode.swift; path = MockPluginManager.swift; sourceTree = "<group>"; };
		B33278511CB2C94700BBDD3A /* AppKit.framework */ = {isa = PBXFileReference; lastKnownFileType = wrapper.framework; name = AppKit.framework; path = System/Library/Frameworks/AppKit.framework; sourceTree = SDKROOT; };
		B33278771CB2CB1300BBDD3A /* Jared.app */ = {isa = PBXFileReference; explicitFileType = wrapper.application; includeInIndex = 0; path = Jared.app; sourceTree = BUILT_PRODUCTS_DIR; };
		B33278791CB2CB1300BBDD3A /* AppDelegate.swift */ = {isa = PBXFileReference; lastKnownFileType = sourcecode.swift; path = AppDelegate.swift; sourceTree = "<group>"; };
		B332787B1CB2CB1300BBDD3A /* ViewController.swift */ = {isa = PBXFileReference; lastKnownFileType = sourcecode.swift; path = ViewController.swift; sourceTree = "<group>"; };
		B332787D1CB2CB1300BBDD3A /* Assets.xcassets */ = {isa = PBXFileReference; lastKnownFileType = folder.assetcatalog; path = Assets.xcassets; sourceTree = "<group>"; };
		B33278801CB2CB1300BBDD3A /* Base */ = {isa = PBXFileReference; lastKnownFileType = file.storyboard; name = Base; path = Base.lproj/Main.storyboard; sourceTree = "<group>"; };
		B33278821CB2CB1300BBDD3A /* Info.plist */ = {isa = PBXFileReference; lastKnownFileType = text.plist.xml; path = Info.plist; sourceTree = "<group>"; };
		B3327DC32206607B009DD882 /* ContactHelper.swift */ = {isa = PBXFileReference; lastKnownFileType = sourcecode.swift; path = ContactHelper.swift; sourceTree = "<group>"; };
		B3327DC522066427009DD882 /* WebHookManager.swift */ = {isa = PBXFileReference; lastKnownFileType = sourcecode.swift; path = WebHookManager.swift; sourceTree = "<group>"; };
		B3327DC722068147009DD882 /* WebhookTests.swift */ = {isa = PBXFileReference; lastKnownFileType = sourcecode.swift; path = WebhookTests.swift; sourceTree = "<group>"; };
		B3327DCE22068176009DD882 /* JaredTests.xctest */ = {isa = PBXFileReference; explicitFileType = wrapper.cfbundle; includeInIndex = 0; path = JaredTests.xctest; sourceTree = BUILT_PRODUCTS_DIR; };
		B3327DD222068176009DD882 /* Info.plist */ = {isa = PBXFileReference; lastKnownFileType = text.plist.xml; path = Info.plist; sourceTree = "<group>"; };
		B347A4A324DD0B7400E93657 /* MessageSender.swift */ = {isa = PBXFileReference; lastKnownFileType = sourcecode.swift; path = MessageSender.swift; sourceTree = "<group>"; };
		B347A4A824DD119A00E93657 /* JaredMock.swift */ = {isa = PBXFileReference; lastKnownFileType = sourcecode.swift; path = JaredMock.swift; sourceTree = "<group>"; };
		B347A4AA24DD165200E93657 /* ActionType.swift */ = {isa = PBXFileReference; lastKnownFileType = sourcecode.swift; path = ActionType.swift; sourceTree = "<group>"; };
		B347A4AC24DD170C00E93657 /* ActionTest.swift */ = {isa = PBXFileReference; lastKnownFileType = sourcecode.swift; path = ActionTest.swift; sourceTree = "<group>"; };
		B347A4AE24DD1CD000E93657 /* GlobalTest.swift */ = {isa = PBXFileReference; lastKnownFileType = sourcecode.swift; path = GlobalTest.swift; sourceTree = "<group>"; };
		B353946124E64DDE00F9424A /* PersistentContainer.swift */ = {isa = PBXFileReference; fileEncoding = 4; lastKnownFileType = sourcecode.swift; path = PersistentContainer.swift; sourceTree = "<group>"; };
		B353946324E7A89A00F9424A /* Message.swift */ = {isa = PBXFileReference; fileEncoding = 4; lastKnownFileType = sourcecode.swift; path = Message.swift; sourceTree = "<group>"; };
		B35CE7142196AD4E002F52A7 /* DatabaseHandler.swift */ = {isa = PBXFileReference; lastKnownFileType = sourcecode.swift; path = DatabaseHandler.swift; sourceTree = "<group>"; };
		B361EEBA1F1DE24C0041113C /* config.json */ = {isa = PBXFileReference; fileEncoding = 4; lastKnownFileType = text.json; path = config.json; sourceTree = "<group>"; };
		B36563EE1F3D68980064B114 /* TouchBarTextFieldExtension.swift */ = {isa = PBXFileReference; fileEncoding = 4; lastKnownFileType = sourcecode.swift; path = TouchBarTextFieldExtension.swift; sourceTree = "<group>"; };
		B369508F24DE8FD00027CB1E /* Configuration.plist */ = {isa = PBXFileReference; lastKnownFileType = text.plist.xml; path = Configuration.plist; sourceTree = "<group>"; };
		B369509124DE91760027CB1E /* Configuration.swift */ = {isa = PBXFileReference; lastKnownFileType = sourcecode.swift; path = Configuration.swift; sourceTree = "<group>"; };
		B375A65821EB14470073F09F /* AboutViewController.swift */ = {isa = PBXFileReference; lastKnownFileType = sourcecode.swift; path = AboutViewController.swift; sourceTree = "<group>"; };
		B3774D4E2424AFEB00F02F62 /* JaredDebug.entitlements */ = {isa = PBXFileReference; lastKnownFileType = text.plist.entitlements; path = JaredDebug.entitlements; sourceTree = "<group>"; };
		B37E82801FA85B170069E15D /* SendImageSingleBuddy.scpt */ = {isa = PBXFileReference; lastKnownFileType = file; path = SendImageSingleBuddy.scpt; sourceTree = "<group>"; };
		B37E82811FA85B210069E15D /* SendTextSingleBuddy.scpt */ = {isa = PBXFileReference; lastKnownFileType = file; path = SendTextSingleBuddy.scpt; sourceTree = "<group>"; };
		B39A65DF1CC1FB1B003E26B0 /* PluginManager.swift */ = {isa = PBXFileReference; fileEncoding = 4; lastKnownFileType = sourcecode.swift; path = PluginManager.swift; sourceTree = "<group>"; };
		B39EC17D1CB01FEF002C3161 /* CoreModule.swift */ = {isa = PBXFileReference; fileEncoding = 4; lastKnownFileType = sourcecode.swift; path = CoreModule.swift; sourceTree = "<group>"; };
		B39F2B381CB3BCA700C0D35C /* SendText.scpt */ = {isa = PBXFileReference; lastKnownFileType = file; path = SendText.scpt; sourceTree = "<group>"; };
		B3A4C61323B867E300B7F009 /* MessageRequest.swift */ = {isa = PBXFileReference; lastKnownFileType = sourcecode.swift; path = MessageRequest.swift; sourceTree = "<group>"; };
		B3B844B724D7791700DC162A /* ActionTypeTest.swift */ = {isa = PBXFileReference; lastKnownFileType = sourcecode.swift; path = ActionTypeTest.swift; sourceTree = "<group>"; };
		B3B844B924D77A4800DC162A /* SendStyleTest.swift */ = {isa = PBXFileReference; lastKnownFileType = sourcecode.swift; path = SendStyleTest.swift; sourceTree = "<group>"; };
		B3B844BB24D77BF200DC162A /* SendStyle.swift */ = {isa = PBXFileReference; lastKnownFileType = sourcecode.swift; path = SendStyle.swift; sourceTree = "<group>"; };
		B3B844BD24D8F8FF00DC162A /* scaffold.db */ = {isa = PBXFileReference; lastKnownFileType = file; path = scaffold.db; sourceTree = "<group>"; };
		B3B844BF24D8F91900DC162A /* DatabaseHandlerTest.swift */ = {isa = PBXFileReference; lastKnownFileType = sourcecode.swift; path = DatabaseHandlerTest.swift; sourceTree = "<group>"; };
		B3B844C124D8FA7D00DC162A /* DatabaseTestHelper.swift */ = {isa = PBXFileReference; lastKnownFileType = sourcecode.swift; path = DatabaseTestHelper.swift; sourceTree = "<group>"; };
		B3B844C324D9287F00DC162A /* RouterDelegate.swift */ = {isa = PBXFileReference; lastKnownFileType = sourcecode.swift; path = RouterDelegate.swift; sourceTree = "<group>"; };
		B3B844C624D9298000DC162A /* MockRouter.swift */ = {isa = PBXFileReference; lastKnownFileType = sourcecode.swift; path = MockRouter.swift; sourceTree = "<group>"; };
		B3B844CA24DA5D1700DC162A /* DiskAccessDelegate.swift */ = {isa = PBXFileReference; lastKnownFileType = sourcecode.swift; path = DiskAccessDelegate.swift; sourceTree = "<group>"; };
		B3B844CD24DA6AB200DC162A /* config.json */ = {isa = PBXFileReference; fileEncoding = 4; lastKnownFileType = text.json; name = config.json; path = Jared/config.json; sourceTree = SOURCE_ROOT; };
		B3B844CF24DA6AC800DC162A /* JaredWebServerTest.swift */ = {isa = PBXFileReference; lastKnownFileType = sourcecode.swift; path = JaredWebServerTest.swift; sourceTree = "<group>"; };
		B3B844D324DA6F5700DC162A /* Telegraph.framework */ = {isa = PBXFileReference; explicitFileType = wrapper.framework; path = Telegraph.framework; sourceTree = BUILT_PRODUCTS_DIR; };
		B3BBA7CC1CB3259A00E1749C /* en */ = {isa = PBXFileReference; lastKnownFileType = text.plist.strings; name = en; path = en.lproj/Localizable.strings; sourceTree = "<group>"; };
		B3BBA7CF1CB327C200E1749C /* ja */ = {isa = PBXFileReference; lastKnownFileType = text.plist.strings; name = ja; path = ja.lproj/Main.strings; sourceTree = "<group>"; };
		B3BBA7D01CB327C200E1749C /* ja */ = {isa = PBXFileReference; lastKnownFileType = text.plist.strings; name = ja; path = ja.lproj/Localizable.strings; sourceTree = "<group>"; };
		B3BF17C1244EBE9A00CC44C5 /* Router.swift */ = {isa = PBXFileReference; lastKnownFileType = sourcecode.swift; path = Router.swift; sourceTree = "<group>"; };
		B3BF17C3244EBF4900CC44C5 /* InternalModule.swift */ = {isa = PBXFileReference; lastKnownFileType = sourcecode.swift; path = InternalModule.swift; sourceTree = "<group>"; };
		B3BF17C5244EC47700CC44C5 /* MessageDelegate.swift */ = {isa = PBXFileReference; lastKnownFileType = sourcecode.swift; path = MessageDelegate.swift; sourceTree = "<group>"; };
		B3BF17C7244EC89200CC44C5 /* PluginManagerDelegate.swift */ = {isa = PBXFileReference; lastKnownFileType = sourcecode.swift; path = PluginManagerDelegate.swift; sourceTree = "<group>"; };
		B3C59283224DD17900116ECB /* JaredWebServer.swift */ = {isa = PBXFileReference; lastKnownFileType = sourcecode.swift; path = JaredWebServer.swift; sourceTree = "<group>"; };
		B3EF1DA3220687DD00953DE7 /* URLProtocolMock.swift */ = {isa = PBXFileReference; lastKnownFileType = sourcecode.swift; path = URLProtocolMock.swift; sourceTree = "<group>"; };
		B3EF1DA52206DFEA00953DE7 /* Route.swift */ = {isa = PBXFileReference; lastKnownFileType = sourcecode.swift; path = Route.swift; sourceTree = "<group>"; };
		B3EF1DA92206E09B00953DE7 /* Jared.swift */ = {isa = PBXFileReference; lastKnownFileType = sourcecode.swift; path = Jared.swift; sourceTree = "<group>"; };
		B3EF1DAB2206E17900953DE7 /* Entities.swift */ = {isa = PBXFileReference; lastKnownFileType = sourcecode.swift; path = Entities.swift; sourceTree = "<group>"; };
		B3EF1DAD2206E19100953DE7 /* Bodies.swift */ = {isa = PBXFileReference; lastKnownFileType = sourcecode.swift; path = Bodies.swift; sourceTree = "<group>"; };
		B3EF1DAF2206E4EB00953DE7 /* MessageTests.swift */ = {isa = PBXFileReference; lastKnownFileType = sourcecode.swift; path = MessageTests.swift; sourceTree = "<group>"; };
		B3F185F624E51C880051C696 /* CoreModule.xcdatamodel */ = {isa = PBXFileReference; lastKnownFileType = wrapper.xcdatamodel; path = CoreModule.xcdatamodel; sourceTree = "<group>"; };
		B85E2F9206C873C167385410 /* Pods-JaredUI.debug.xcconfig */ = {isa = PBXFileReference; includeInIndex = 1; lastKnownFileType = text.xcconfig; name = "Pods-JaredUI.debug.xcconfig"; path = "Pods/Target Support Files/Pods-JaredUI/Pods-JaredUI.debug.xcconfig"; sourceTree = "<group>"; };
		C31CB7445EAF3431D6AA3FD4 /* Pods_JaredUI.framework */ = {isa = PBXFileReference; explicitFileType = wrapper.framework; includeInIndex = 0; path = Pods_JaredUI.framework; sourceTree = BUILT_PRODUCTS_DIR; };
/* End PBXFileReference section */

/* Begin PBXFrameworksBuildPhase section */
		7F84B61B1CC506790059A82B /* Frameworks */ = {
			isa = PBXFrameworksBuildPhase;
			buildActionMask = 2147483647;
			files = (
			);
			runOnlyForDeploymentPostprocessing = 0;
		};
		B319235C24DE76A2001904BA /* Frameworks */ = {
			isa = PBXFrameworksBuildPhase;
			buildActionMask = 2147483647;
			files = (
			);
			runOnlyForDeploymentPostprocessing = 0;
		};
		B33278741CB2CB1300BBDD3A /* Frameworks */ = {
			isa = PBXFrameworksBuildPhase;
			buildActionMask = 2147483647;
			files = (
				7F84B6261CC506790059A82B /* JaredFramework.framework in Frameworks */,
				1D6188C0EEA4AA406C15CC9E /* Pods_Jared.framework in Frameworks */,
			);
			runOnlyForDeploymentPostprocessing = 0;
		};
		B3327DCB22068176009DD882 /* Frameworks */ = {
			isa = PBXFrameworksBuildPhase;
			buildActionMask = 2147483647;
			files = (
				B3AECB5F2207CE33003E32F8 /* JaredFramework.framework in Frameworks */,
				E4911DF4614B81D99C27CFF5 /* Pods_JaredTests.framework in Frameworks */,
			);
			runOnlyForDeploymentPostprocessing = 0;
		};
/* End PBXFrameworksBuildPhase section */

/* Begin PBXGroup section */
		6A99635493B2364DED0280D9 /* Pods */ = {
			isa = PBXGroup;
			children = (
				B85E2F9206C873C167385410 /* Pods-JaredUI.debug.xcconfig */,
				36A7776B61089A66EA5C166B /* Pods-JaredUI.release.xcconfig */,
				0984B41FE3CF12361577AA41 /* Pods-Jared.debug.xcconfig */,
				8490C38E773007C8CC882DCB /* Pods-Jared.release.xcconfig */,
				589F788B0CFB8CBDA890F242 /* Pods-JaredTests.debug.xcconfig */,
				64E9DE9392D51A396C2939FB /* Pods-JaredTests.release.xcconfig */,
			);
			name = Pods;
			sourceTree = "<group>";
		};
		739CD530157F72CF2AD79314 /* Frameworks */ = {
			isa = PBXGroup;
			children = (
				B3B844D324DA6F5700DC162A /* Telegraph.framework */,
				19C9C2FBC44EE08B0C7851EA /* Pods.framework */,
				C31CB7445EAF3431D6AA3FD4 /* Pods_JaredUI.framework */,
				4589B5638BC576CC8AB2700A /* Pods_Jared.framework */,
				468EA41747ED2E0CB098C6BD /* Pods_JaredTests.framework */,
			);
			name = Frameworks;
			sourceTree = "<group>";
		};
		7F84B6201CC506790059A82B /* JaredFramework */ = {
			isa = PBXGroup;
			children = (
				7F84B6211CC506790059A82B /* JaredFramework.h */,
				B347A4A324DD0B7400E93657 /* MessageSender.swift */,
				B32DE51924D5524300AB3A71 /* Action.swift */,
				B347A4AA24DD165200E93657 /* ActionType.swift */,
				B3B844BB24D77BF200DC162A /* SendStyle.swift */,
				B3EF1DAD2206E19100953DE7 /* Bodies.swift */,
				B353946324E7A89A00F9424A /* Message.swift */,
				B3EF1DAB2206E17900953DE7 /* Entities.swift */,
				B3EF1DA52206DFEA00953DE7 /* Route.swift */,
				B369509124DE91760027CB1E /* Configuration.swift */,
				7F84B6231CC506790059A82B /* Info.plist */,
				B369508F24DE8FD00027CB1E /* Configuration.plist */,
			);
			path = JaredFramework;
			sourceTree = "<group>";
		};
		B319236024DE76A2001904BA /* JaredUITests */ = {
			isa = PBXGroup;
			children = (
				B319236124DE76A2001904BA /* JaredUITests.swift */,
				B319236324DE76A2001904BA /* Info.plist */,
			);
			path = JaredUITests;
			sourceTree = "<group>";
		};
		B33278781CB2CB1300BBDD3A /* JaredUI */ = {
			isa = PBXGroup;
			children = (
				B33278791CB2CB1300BBDD3A /* AppDelegate.swift */,
				B375A65821EB14470073F09F /* AboutViewController.swift */,
				B36563EE1F3D68980064B114 /* TouchBarTextFieldExtension.swift */,
				B332787B1CB2CB1300BBDD3A /* ViewController.swift */,
				B332787D1CB2CB1300BBDD3A /* Assets.xcassets */,
				B332787F1CB2CB1300BBDD3A /* Main.storyboard */,
				B33278821CB2CB1300BBDD3A /* Info.plist */,
			);
			path = JaredUI;
			sourceTree = "<group>";
		};
		B3327DCF22068176009DD882 /* JaredTests */ = {
			isa = PBXGroup;
			children = (
				B3327DC722068147009DD882 /* WebhookTests.swift */,
				B3EF1DAF2206E4EB00953DE7 /* MessageTests.swift */,
				B3B844B724D7791700DC162A /* ActionTypeTest.swift */,
				B347A4AE24DD1CD000E93657 /* GlobalTest.swift */,
				B347A4AC24DD170C00E93657 /* ActionTest.swift */,
				B3B844B924D77A4800DC162A /* SendStyleTest.swift */,
				B32DE51424D51F9C00AB3A71 /* RouterTests.swift */,
				B3B844CF24DA6AC800DC162A /* JaredWebServerTest.swift */,
				B3B844BF24D8F91900DC162A /* DatabaseHandlerTest.swift */,
				B319235624DD311B001904BA /* InternalModuleTest.swift */,
				B3B844C124D8FA7D00DC162A /* DatabaseTestHelper.swift */,
				B3B844D124DA6B1200DC162A /* Mocks */,
				B3B844BD24D8F8FF00DC162A /* scaffold.db */,
				B3B844CD24DA6AB200DC162A /* config.json */,
				B3327DD222068176009DD882 /* Info.plist */,
			);
			path = JaredTests;
			sourceTree = "<group>";
		};
		B39EC1691CB01F55002C3161 = {
			isa = PBXGroup;
			children = (
				B33278511CB2C94700BBDD3A /* AppKit.framework */,
				B39EC1741CB01F55002C3161 /* Jared */,
				B33278781CB2CB1300BBDD3A /* JaredUI */,
				7F84B6201CC506790059A82B /* JaredFramework */,
				B3327DCF22068176009DD882 /* JaredTests */,
				B319236024DE76A2001904BA /* JaredUITests */,
				B39EC1731CB01F55002C3161 /* Products */,
				739CD530157F72CF2AD79314 /* Frameworks */,
				6A99635493B2364DED0280D9 /* Pods */,
			);
			sourceTree = "<group>";
		};
		B39EC1731CB01F55002C3161 /* Products */ = {
			isa = PBXGroup;
			children = (
				B33278771CB2CB1300BBDD3A /* Jared.app */,
				7F84B61F1CC506790059A82B /* JaredFramework.framework */,
				B3327DCE22068176009DD882 /* JaredTests.xctest */,
				B319235F24DE76A2001904BA /* JaredUITests.xctest */,
			);
			name = Products;
			sourceTree = "<group>";
		};
		B39EC1741CB01F55002C3161 /* Jared */ = {
			isa = PBXGroup;
			children = (
				B353946124E64DDE00F9424A /* PersistentContainer.swift */,
				B30F765724C574FD00ADF57B /* JaredRelease.entitlements */,
				B3774D4E2424AFEB00F02F62 /* JaredDebug.entitlements */,
				7FF077EA1CBCFFCB008E33CB /* SendImage.scpt */,
				B37E82801FA85B170069E15D /* SendImageSingleBuddy.scpt */,
				B39F2B381CB3BCA700C0D35C /* SendText.scpt */,
				B30F765424C5740800ADF57B /* SendTextUI.scpt */,
				B37E82811FA85B210069E15D /* SendTextSingleBuddy.scpt */,
				B361EEBA1F1DE24C0041113C /* config.json */,
				B3BF17C1244EBE9A00CC44C5 /* Router.swift */,
				B39A65DF1CC1FB1B003E26B0 /* PluginManager.swift */,
				B3327DC522066427009DD882 /* WebHookManager.swift */,
				B3327DC32206607B009DD882 /* ContactHelper.swift */,
				B3C59283224DD17900116ECB /* JaredWebServer.swift */,
				B3A4C61323B867E300B7F009 /* MessageRequest.swift */,
				B35CE7142196AD4E002F52A7 /* DatabaseHandler.swift */,
				7F0E931C1D02FC250096BABE /* Global.swift */,
				B3EF1DA92206E09B00953DE7 /* Jared.swift */,
				B3BBA7CD1CB3259A00E1749C /* Localizable.strings */,
				B3BF17C9244ED26800CC44C5 /* Delegates */,
				B39EC17C1CB01FDD002C3161 /* Modules */,
				7FE220EC1CB3C8340081CE23 /* podfile */,
			);
			path = Jared;
			sourceTree = "<group>";
		};
		B39EC17C1CB01FDD002C3161 /* Modules */ = {
			isa = PBXGroup;
			children = (
				B3BF17C3244EBF4900CC44C5 /* InternalModule.swift */,
				B39EC17D1CB01FEF002C3161 /* CoreModule.swift */,
				B3F185F524E51C880051C696 /* CoreModule.xcdatamodeld */,
			);
			name = Modules;
			sourceTree = "<group>";
		};
		B3B844D124DA6B1200DC162A /* Mocks */ = {
			isa = PBXGroup;
			children = (
				B32DE51B24D552D300AB3A71 /* MockPluginManager.swift */,
				B3B844C624D9298000DC162A /* MockRouter.swift */,
				B3EF1DA3220687DD00953DE7 /* URLProtocolMock.swift */,
				B347A4A824DD119A00E93657 /* JaredMock.swift */,
			);
			path = Mocks;
			sourceTree = "<group>";
		};
		B3BF17C9244ED26800CC44C5 /* Delegates */ = {
			isa = PBXGroup;
			children = (
				B3B844C324D9287F00DC162A /* RouterDelegate.swift */,
				B3BF17C5244EC47700CC44C5 /* MessageDelegate.swift */,
				B3B844CA24DA5D1700DC162A /* DiskAccessDelegate.swift */,
				B3BF17C7244EC89200CC44C5 /* PluginManagerDelegate.swift */,
			);
			name = Delegates;
			sourceTree = "<group>";
		};
/* End PBXGroup section */

/* Begin PBXHeadersBuildPhase section */
		7F84B61C1CC506790059A82B /* Headers */ = {
			isa = PBXHeadersBuildPhase;
			buildActionMask = 2147483647;
			files = (
				7F84B6221CC506790059A82B /* JaredFramework.h in Headers */,
			);
			runOnlyForDeploymentPostprocessing = 0;
		};
/* End PBXHeadersBuildPhase section */

/* Begin PBXNativeTarget section */
		7F84B61E1CC506790059A82B /* JaredFramework */ = {
			isa = PBXNativeTarget;
			buildConfigurationList = 7F84B6281CC506790059A82B /* Build configuration list for PBXNativeTarget "JaredFramework" */;
			buildPhases = (
				7F84B61A1CC506790059A82B /* Sources */,
				7F84B61B1CC506790059A82B /* Frameworks */,
				7F84B61C1CC506790059A82B /* Headers */,
				7F84B61D1CC506790059A82B /* Resources */,
			);
			buildRules = (
			);
			dependencies = (
			);
			name = JaredFramework;
			productName = JaredFramework;
			productReference = 7F84B61F1CC506790059A82B /* JaredFramework.framework */;
			productType = "com.apple.product-type.framework";
		};
		B319235E24DE76A2001904BA /* JaredUITests */ = {
			isa = PBXNativeTarget;
			buildConfigurationList = B319236624DE76A2001904BA /* Build configuration list for PBXNativeTarget "JaredUITests" */;
			buildPhases = (
				B319235B24DE76A2001904BA /* Sources */,
				B319235C24DE76A2001904BA /* Frameworks */,
				B319235D24DE76A2001904BA /* Resources */,
			);
			buildRules = (
			);
			dependencies = (
				B319236524DE76A2001904BA /* PBXTargetDependency */,
			);
			name = JaredUITests;
			productName = JaredUITests;
			productReference = B319235F24DE76A2001904BA /* JaredUITests.xctest */;
			productType = "com.apple.product-type.bundle.ui-testing";
		};
		B33278761CB2CB1300BBDD3A /* Jared */ = {
			isa = PBXNativeTarget;
			buildConfigurationList = B33278831CB2CB1300BBDD3A /* Build configuration list for PBXNativeTarget "Jared" */;
			buildPhases = (
				AF01638400485C00E0947C76 /* [CP] Check Pods Manifest.lock */,
				B33278731CB2CB1300BBDD3A /* Sources */,
				B33278741CB2CB1300BBDD3A /* Frameworks */,
				B33278751CB2CB1300BBDD3A /* Resources */,
				B39A65DD1CC1F8BC003E26B0 /* Embed Frameworks */,
				7D874CC6DD192CC67F87BEB5 /* [CP] Embed Pods Frameworks */,
				B375A65A21EB15E90073F09F /* ShellScript */,
			);
			buildRules = (
			);
			dependencies = (
				7F84B6251CC506790059A82B /* PBXTargetDependency */,
			);
			name = Jared;
			productName = JaredUI;
			productReference = B33278771CB2CB1300BBDD3A /* Jared.app */;
			productType = "com.apple.product-type.application";
		};
		B3327DCD22068176009DD882 /* JaredTests */ = {
			isa = PBXNativeTarget;
			buildConfigurationList = B3327DD522068176009DD882 /* Build configuration list for PBXNativeTarget "JaredTests" */;
			buildPhases = (
				442CFFC026BCAC0300EF7558 /* [CP] Check Pods Manifest.lock */,
				B3327DCA22068176009DD882 /* Sources */,
				B3327DCB22068176009DD882 /* Frameworks */,
				B3327DCC22068176009DD882 /* Resources */,
				6ACFF462C1EE27EB65F59D8E /* [CP] Embed Pods Frameworks */,
			);
			buildRules = (
			);
			dependencies = (
				B3327DD422068176009DD882 /* PBXTargetDependency */,
				B3EF1DA22206852500953DE7 /* PBXTargetDependency */,
			);
			name = JaredTests;
			productName = JaredTests;
			productReference = B3327DCE22068176009DD882 /* JaredTests.xctest */;
			productType = "com.apple.product-type.bundle.unit-test";
		};
/* End PBXNativeTarget section */

/* Begin PBXProject section */
		B39EC16A1CB01F55002C3161 /* Project object */ = {
			isa = PBXProject;
			attributes = {
				KnownAssetTags = (
					New,
				);
				LastSwiftUpdateCheck = 1160;
				LastUpgradeCheck = 1160;
				ORGANIZATIONNAME = "Zeke Snider";
				TargetAttributes = {
					7F84B61E1CC506790059A82B = {
						CreatedOnToolsVersion = 7.3;
						DevelopmentTeam = C7LJ587XF3;
						LastSwiftMigration = 1160;
						ProvisioningStyle = Automatic;
					};
					B319235E24DE76A2001904BA = {
						CreatedOnToolsVersion = 11.6;
						DevelopmentTeam = C7LJ587XF3;
						ProvisioningStyle = Automatic;
						TestTargetID = B33278761CB2CB1300BBDD3A;
					};
					B33278761CB2CB1300BBDD3A = {
						CreatedOnToolsVersion = 7.3;
						DevelopmentTeam = C7LJ587XF3;
						LastSwiftMigration = 1160;
						ProvisioningStyle = Automatic;
					};
					B3327DCD22068176009DD882 = {
						CreatedOnToolsVersion = 10.1;
						DevelopmentTeam = C7LJ587XF3;
						LastSwiftMigration = 1160;
						ProvisioningStyle = Automatic;
					};
				};
			};
			buildConfigurationList = B39EC16D1CB01F55002C3161 /* Build configuration list for PBXProject "Jared" */;
			compatibilityVersion = "Xcode 3.2";
			developmentRegion = English;
			hasScannedForEncodings = 0;
			knownRegions = (
				English,
				en,
				Base,
				ja,
			);
			mainGroup = B39EC1691CB01F55002C3161;
			productRefGroup = B39EC1731CB01F55002C3161 /* Products */;
			projectDirPath = "";
			projectRoot = "";
			targets = (
				B33278761CB2CB1300BBDD3A /* Jared */,
				7F84B61E1CC506790059A82B /* JaredFramework */,
				B3327DCD22068176009DD882 /* JaredTests */,
				B319235E24DE76A2001904BA /* JaredUITests */,
			);
		};
/* End PBXProject section */

/* Begin PBXResourcesBuildPhase section */
		7F84B61D1CC506790059A82B /* Resources */ = {
			isa = PBXResourcesBuildPhase;
			buildActionMask = 2147483647;
			files = (
				B369509024DE8FD00027CB1E /* Configuration.plist in Resources */,
			);
			runOnlyForDeploymentPostprocessing = 0;
		};
		B319235D24DE76A2001904BA /* Resources */ = {
			isa = PBXResourcesBuildPhase;
			buildActionMask = 2147483647;
			files = (
			);
			runOnlyForDeploymentPostprocessing = 0;
		};
		B33278751CB2CB1300BBDD3A /* Resources */ = {
			isa = PBXResourcesBuildPhase;
			buildActionMask = 2147483647;
			files = (
				B369509524DF224D0027CB1E /* SendImageSingleBuddy.scpt in Resources */,
				B30F765624C5742800ADF57B /* SendTextUI.scpt in Resources */,
				B369509424DE963D0027CB1E /* Configuration.plist in Resources */,
				7F84B62E1CC511B80059A82B /* Localizable.strings in Resources */,
				B39F2B391CB3BCA700C0D35C /* SendText.scpt in Resources */,
				B332787E1CB2CB1300BBDD3A /* Assets.xcassets in Resources */,
				7FE220ED1CB3C8340081CE23 /* podfile in Resources */,
				B361EEBB1F1DE24C0041113C /* config.json in Resources */,
				7FF077EB1CBCFFCB008E33CB /* SendImage.scpt in Resources */,
				B33278811CB2CB1300BBDD3A /* Main.storyboard in Resources */,
				B37E82821FA85B210069E15D /* SendTextSingleBuddy.scpt in Resources */,
			);
			runOnlyForDeploymentPostprocessing = 0;
		};
		B3327DCC22068176009DD882 /* Resources */ = {
			isa = PBXResourcesBuildPhase;
			buildActionMask = 2147483647;
			files = (
				B353946824E7C58E00F9424A /* Localizable.strings in Resources */,
				B369509324DE952D0027CB1E /* Configuration.plist in Resources */,
				B3B844BE24D8F90000DC162A /* scaffold.db in Resources */,
				B3B844CE24DA6AB200DC162A /* config.json in Resources */,
			);
			runOnlyForDeploymentPostprocessing = 0;
		};
/* End PBXResourcesBuildPhase section */

/* Begin PBXShellScriptBuildPhase section */
		442CFFC026BCAC0300EF7558 /* [CP] Check Pods Manifest.lock */ = {
			isa = PBXShellScriptBuildPhase;
			buildActionMask = 2147483647;
			files = (
			);
			inputFileListPaths = (
			);
			inputPaths = (
				"${PODS_PODFILE_DIR_PATH}/Podfile.lock",
				"${PODS_ROOT}/Manifest.lock",
			);
			name = "[CP] Check Pods Manifest.lock";
			outputFileListPaths = (
			);
			outputPaths = (
				"$(DERIVED_FILE_DIR)/Pods-JaredTests-checkManifestLockResult.txt",
			);
			runOnlyForDeploymentPostprocessing = 0;
			shellPath = /bin/sh;
			shellScript = "diff \"${PODS_PODFILE_DIR_PATH}/Podfile.lock\" \"${PODS_ROOT}/Manifest.lock\" > /dev/null\nif [ $? != 0 ] ; then\n    # print error to STDERR\n    echo \"error: The sandbox is not in sync with the Podfile.lock. Run 'pod install' or update your CocoaPods installation.\" >&2\n    exit 1\nfi\n# This output is used by Xcode 'outputs' to avoid re-running this script phase.\necho \"SUCCESS\" > \"${SCRIPT_OUTPUT_FILE_0}\"\n";
			showEnvVarsInLog = 0;
		};
		6ACFF462C1EE27EB65F59D8E /* [CP] Embed Pods Frameworks */ = {
			isa = PBXShellScriptBuildPhase;
			buildActionMask = 2147483647;
			files = (
			);
			inputPaths = (
				"${PODS_ROOT}/Target Support Files/Pods-JaredTests/Pods-JaredTests-frameworks.sh",
				"${BUILT_PRODUCTS_DIR}/CocoaAsyncSocket/CocoaAsyncSocket.framework",
				"${BUILT_PRODUCTS_DIR}/HTTPParserC/HTTPParserC.framework",
				"${BUILT_PRODUCTS_DIR}/Telegraph/Telegraph.framework",
			);
			name = "[CP] Embed Pods Frameworks";
			outputPaths = (
				"${TARGET_BUILD_DIR}/${FRAMEWORKS_FOLDER_PATH}/CocoaAsyncSocket.framework",
				"${TARGET_BUILD_DIR}/${FRAMEWORKS_FOLDER_PATH}/HTTPParserC.framework",
				"${TARGET_BUILD_DIR}/${FRAMEWORKS_FOLDER_PATH}/Telegraph.framework",
			);
			runOnlyForDeploymentPostprocessing = 0;
			shellPath = /bin/sh;
			shellScript = "\"${PODS_ROOT}/Target Support Files/Pods-JaredTests/Pods-JaredTests-frameworks.sh\"\n";
			showEnvVarsInLog = 0;
		};
		7D874CC6DD192CC67F87BEB5 /* [CP] Embed Pods Frameworks */ = {
			isa = PBXShellScriptBuildPhase;
			buildActionMask = 2147483647;
			files = (
			);
			inputPaths = (
				"${PODS_ROOT}/Target Support Files/Pods-Jared/Pods-Jared-frameworks.sh",
				"${BUILT_PRODUCTS_DIR}/CocoaAsyncSocket/CocoaAsyncSocket.framework",
				"${BUILT_PRODUCTS_DIR}/HTTPParserC/HTTPParserC.framework",
				"${BUILT_PRODUCTS_DIR}/Telegraph/Telegraph.framework",
			);
			name = "[CP] Embed Pods Frameworks";
			outputPaths = (
				"${TARGET_BUILD_DIR}/${FRAMEWORKS_FOLDER_PATH}/CocoaAsyncSocket.framework",
				"${TARGET_BUILD_DIR}/${FRAMEWORKS_FOLDER_PATH}/HTTPParserC.framework",
				"${TARGET_BUILD_DIR}/${FRAMEWORKS_FOLDER_PATH}/Telegraph.framework",
			);
			runOnlyForDeploymentPostprocessing = 0;
			shellPath = /bin/sh;
			shellScript = "\"${PODS_ROOT}/Target Support Files/Pods-Jared/Pods-Jared-frameworks.sh\"\n";
			showEnvVarsInLog = 0;
		};
		AF01638400485C00E0947C76 /* [CP] Check Pods Manifest.lock */ = {
			isa = PBXShellScriptBuildPhase;
			buildActionMask = 2147483647;
			files = (
			);
			inputPaths = (
				"${PODS_PODFILE_DIR_PATH}/Podfile.lock",
				"${PODS_ROOT}/Manifest.lock",
			);
			name = "[CP] Check Pods Manifest.lock";
			outputPaths = (
				"$(DERIVED_FILE_DIR)/Pods-Jared-checkManifestLockResult.txt",
			);
			runOnlyForDeploymentPostprocessing = 0;
			shellPath = /bin/sh;
			shellScript = "diff \"${PODS_PODFILE_DIR_PATH}/Podfile.lock\" \"${PODS_ROOT}/Manifest.lock\" > /dev/null\nif [ $? != 0 ] ; then\n    # print error to STDERR\n    echo \"error: The sandbox is not in sync with the Podfile.lock. Run 'pod install' or update your CocoaPods installation.\" >&2\n    exit 1\nfi\n# This output is used by Xcode 'outputs' to avoid re-running this script phase.\necho \"SUCCESS\" > \"${SCRIPT_OUTPUT_FILE_0}\"\n";
			showEnvVarsInLog = 0;
		};
		B375A65A21EB15E90073F09F /* ShellScript */ = {
			isa = PBXShellScriptBuildPhase;
			buildActionMask = 2147483647;
			files = (
			);
			inputFileListPaths = (
			);
			inputPaths = (
			);
			outputFileListPaths = (
			);
			outputPaths = (
			);
			runOnlyForDeploymentPostprocessing = 0;
			shellPath = /bin/sh;
			shellScript = "
";
		};
/* End PBXShellScriptBuildPhase section */

/* Begin PBXSourcesBuildPhase section */
		7F84B61A1CC506790059A82B /* Sources */ = {
			isa = PBXSourcesBuildPhase;
			buildActionMask = 2147483647;
			files = (
				B347A4A624DD0CE500E93657 /* MessageSender.swift in Sources */,
				B3EF1DAC2206E17900953DE7 /* Entities.swift in Sources */,
				B3EF1DAE2206E19100953DE7 /* Bodies.swift in Sources */,
				B353946424E7A89A00F9424A /* Message.swift in Sources */,
				B369509224DE91760027CB1E /* Configuration.swift in Sources */,
				B3B844BC24D77BF200DC162A /* SendStyle.swift in Sources */,
				B32DE51A24D5524300AB3A71 /* Action.swift in Sources */,
				B347A4AB24DD165200E93657 /* ActionType.swift in Sources */,
				B3EF1DA62206DFEA00953DE7 /* Route.swift in Sources */,
			);
			runOnlyForDeploymentPostprocessing = 0;
		};
		B319235B24DE76A2001904BA /* Sources */ = {
			isa = PBXSourcesBuildPhase;
			buildActionMask = 2147483647;
			files = (
				B319236224DE76A2001904BA /* JaredUITests.swift in Sources */,
			);
			runOnlyForDeploymentPostprocessing = 0;
		};
		B33278731CB2CB1300BBDD3A /* Sources */ = {
			isa = PBXSourcesBuildPhase;
			buildActionMask = 2147483647;
			files = (
				B347A4A724DD0FCF00E93657 /* Jared.swift in Sources */,
				B3BF17C8244ECC0E00CC44C5 /* PluginManagerDelegate.swift in Sources */,
				B3A4C61423B867E300B7F009 /* MessageRequest.swift in Sources */,
				B39A65E01CC1FB1B003E26B0 /* PluginManager.swift in Sources */,
				B3BBA7D11CB3284A00E1749C /* CoreModule.swift in Sources */,
				B36563EF1F3D68980064B114 /* TouchBarTextFieldExtension.swift in Sources */,
				B3F185F724E51C880051C696 /* CoreModule.xcdatamodeld in Sources */,
				B35CE7152196AD4E002F52A7 /* DatabaseHandler.swift in Sources */,
				B3BF17C6244EC47700CC44C5 /* MessageDelegate.swift in Sources */,
				B3327DC42206607B009DD882 /* ContactHelper.swift in Sources */,
				B332787C1CB2CB1300BBDD3A /* ViewController.swift in Sources */,
				B3327DC622066427009DD882 /* WebHookManager.swift in Sources */,
				B3B844CB24DA5D1700DC162A /* DiskAccessDelegate.swift in Sources */,
				B332787A1CB2CB1300BBDD3A /* AppDelegate.swift in Sources */,
				B3BF17C4244EBF4900CC44C5 /* InternalModule.swift in Sources */,
				B3BF17C2244EBE9A00CC44C5 /* Router.swift in Sources */,
				B375A65921EB14470073F09F /* AboutViewController.swift in Sources */,
				7F0E931D1D02FC250096BABE /* Global.swift in Sources */,
				B353946224E64DDE00F9424A /* PersistentContainer.swift in Sources */,
				B3B844C424D9288000DC162A /* RouterDelegate.swift in Sources */,
				B3C59284224DD17900116ECB /* JaredWebServer.swift in Sources */,
			);
			runOnlyForDeploymentPostprocessing = 0;
		};
		B3327DCA22068176009DD882 /* Sources */ = {
			isa = PBXSourcesBuildPhase;
			buildActionMask = 2147483647;
			files = (
				B319235824DD319D001904BA /* InternalModule.swift in Sources */,
				B347A4B024DD1E0E00E93657 /* Global.swift in Sources */,
				B347A4A224DA766A00E93657 /* MessageRequest.swift in Sources */,
				B3B844D224DA6BBB00DC162A /* JaredWebServer.swift in Sources */,
				B3B844CC24DA671E00DC162A /* DiskAccessDelegate.swift in Sources */,
				B319235724DD311B001904BA /* InternalModuleTest.swift in Sources */,
				B3B844C924D92D1500DC162A /* ContactHelper.swift in Sources */,
				B3B844C824D92C2200DC162A /* DatabaseHandler.swift in Sources */,
				B3B844C024D8F91900DC162A /* DatabaseHandlerTest.swift in Sources */,
				B32DE51824D5231800AB3A71 /* PluginManagerDelegate.swift in Sources */,
				B32DE51624D522DA00AB3A71 /* Router.swift in Sources */,
				B3BF17CA244FDA3F00CC44C5 /* MessageDelegate.swift in Sources */,
				B3B844C524D9288000DC162A /* RouterDelegate.swift in Sources */,
				B3B844B824D7791800DC162A /* ActionTypeTest.swift in Sources */,
				B3B844C724D9298000DC162A /* MockRouter.swift in Sources */,
				B347A4AD24DD170C00E93657 /* ActionTest.swift in Sources */,
				B36710E224DFB5EC00DA1C5D /* JaredMock.swift in Sources */,
				B3B844C224D8FA7D00DC162A /* DatabaseTestHelper.swift in Sources */,
				B3B844BA24D77A4900DC162A /* SendStyleTest.swift in Sources */,
				B3327DD8220682ED009DD882 /* WebhookTests.swift in Sources */,
				B3EF1DB02206E4EB00953DE7 /* MessageTests.swift in Sources */,
				B32DE51C24D552D300AB3A71 /* MockPluginManager.swift in Sources */,
				B3B844D024DA6AC800DC162A /* JaredWebServerTest.swift in Sources */,
				B32DE51524D51F9C00AB3A71 /* RouterTests.swift in Sources */,
				B3EF1DA4220687DD00953DE7 /* URLProtocolMock.swift in Sources */,
				B3EF1DA02206849000953DE7 /* WebHookManager.swift in Sources */,
				B347A4AF24DD1CD000E93657 /* GlobalTest.swift in Sources */,
			);
			runOnlyForDeploymentPostprocessing = 0;
		};
/* End PBXSourcesBuildPhase section */

/* Begin PBXTargetDependency section */
		7F84B6251CC506790059A82B /* PBXTargetDependency */ = {
			isa = PBXTargetDependency;
			target = 7F84B61E1CC506790059A82B /* JaredFramework */;
			targetProxy = 7F84B6241CC506790059A82B /* PBXContainerItemProxy */;
		};
		B319236524DE76A2001904BA /* PBXTargetDependency */ = {
			isa = PBXTargetDependency;
			target = B33278761CB2CB1300BBDD3A /* Jared */;
			targetProxy = B319236424DE76A2001904BA /* PBXContainerItemProxy */;
		};
		B3327DD422068176009DD882 /* PBXTargetDependency */ = {
			isa = PBXTargetDependency;
			target = B33278761CB2CB1300BBDD3A /* Jared */;
			targetProxy = B3327DD322068176009DD882 /* PBXContainerItemProxy */;
		};
		B3EF1DA22206852500953DE7 /* PBXTargetDependency */ = {
			isa = PBXTargetDependency;
			target = 7F84B61E1CC506790059A82B /* JaredFramework */;
			targetProxy = B3EF1DA12206852500953DE7 /* PBXContainerItemProxy */;
		};
/* End PBXTargetDependency section */

/* Begin PBXVariantGroup section */
		B332787F1CB2CB1300BBDD3A /* Main.storyboard */ = {
			isa = PBXVariantGroup;
			children = (
				B33278801CB2CB1300BBDD3A /* Base */,
				B3BBA7CF1CB327C200E1749C /* ja */,
			);
			name = Main.storyboard;
			sourceTree = "<group>";
		};
		B3BBA7CD1CB3259A00E1749C /* Localizable.strings */ = {
			isa = PBXVariantGroup;
			children = (
				B3BBA7CC1CB3259A00E1749C /* en */,
				B3BBA7D01CB327C200E1749C /* ja */,
			);
			name = Localizable.strings;
			sourceTree = "<group>";
		};
/* End PBXVariantGroup section */

/* Begin XCBuildConfiguration section */
		7F84B6291CC506790059A82B /* Debug */ = {
			isa = XCBuildConfiguration;
			buildSettings = {
				CODE_SIGN_IDENTITY = "";
				CODE_SIGN_STYLE = Automatic;
				COMBINE_HIDPI_IMAGES = YES;
				CURRENT_PROJECT_VERSION = 1;
				DEFINES_MODULE = YES;
				DEVELOPMENT_TEAM = C7LJ587XF3;
				DYLIB_COMPATIBILITY_VERSION = 1;
				DYLIB_CURRENT_VERSION = 1;
				DYLIB_INSTALL_NAME_BASE = "@rpath";
				FRAMEWORK_VERSION = A;
				INFOPLIST_FILE = JaredFramework/Info.plist;
				INSTALL_PATH = "$(LOCAL_LIBRARY_DIR)/Frameworks";
				LD_RUNPATH_SEARCH_PATHS = "$(inherited) @executable_path/../Frameworks @loader_path/Frameworks";
				PRODUCT_BUNDLE_IDENTIFIER = com.jaredapp.JaredFramework;
				PRODUCT_NAME = "$(TARGET_NAME)";
				PROVISIONING_PROFILE_SPECIFIER = "";
				SKIP_INSTALL = YES;
				SWIFT_VERSION = 5.0;
				VERSIONING_SYSTEM = "apple-generic";
				VERSION_INFO_PREFIX = "";
			};
			name = Debug;
		};
		7F84B62A1CC506790059A82B /* Release */ = {
			isa = XCBuildConfiguration;
			buildSettings = {
				CODE_SIGN_IDENTITY = "";
				CODE_SIGN_STYLE = Automatic;
				COMBINE_HIDPI_IMAGES = YES;
				CURRENT_PROJECT_VERSION = 1;
				DEFINES_MODULE = YES;
				DEVELOPMENT_TEAM = C7LJ587XF3;
				DYLIB_COMPATIBILITY_VERSION = 1;
				DYLIB_CURRENT_VERSION = 1;
				DYLIB_INSTALL_NAME_BASE = "@rpath";
				FRAMEWORK_VERSION = A;
				INFOPLIST_FILE = JaredFramework/Info.plist;
				INSTALL_PATH = "$(LOCAL_LIBRARY_DIR)/Frameworks";
				LD_RUNPATH_SEARCH_PATHS = "$(inherited) @executable_path/../Frameworks @loader_path/Frameworks";
				PRODUCT_BUNDLE_IDENTIFIER = com.jaredapp.JaredFramework;
				PRODUCT_NAME = "$(TARGET_NAME)";
				PROVISIONING_PROFILE_SPECIFIER = "";
				SKIP_INSTALL = YES;
				SWIFT_VERSION = 5.0;
				VERSIONING_SYSTEM = "apple-generic";
				VERSION_INFO_PREFIX = "";
			};
			name = Release;
		};
		B319236724DE76A2001904BA /* Debug */ = {
			isa = XCBuildConfiguration;
			buildSettings = {
				CLANG_ANALYZER_NUMBER_OBJECT_CONVERSION = YES_AGGRESSIVE;
				CLANG_CXX_LANGUAGE_STANDARD = "gnu++14";
				CLANG_ENABLE_OBJC_WEAK = YES;
				CLANG_WARN_DOCUMENTATION_COMMENTS = YES;
				CLANG_WARN_UNGUARDED_AVAILABILITY = YES_AGGRESSIVE;
				CODE_SIGN_IDENTITY = "Mac Developer";
				CODE_SIGN_STYLE = Automatic;
				COMBINE_HIDPI_IMAGES = YES;
				DEVELOPMENT_TEAM = C7LJ587XF3;
				GCC_C_LANGUAGE_STANDARD = gnu11;
				INFOPLIST_FILE = JaredUITests/Info.plist;
				LD_RUNPATH_SEARCH_PATHS = "$(inherited) @executable_path/../Frameworks @loader_path/../Frameworks";
				MACOSX_DEPLOYMENT_TARGET = 10.15;
				MTL_ENABLE_DEBUG_INFO = INCLUDE_SOURCE;
				MTL_FAST_MATH = YES;
				PRODUCT_BUNDLE_IDENTIFIER = com.zekesnider.JaredUITests;
				PRODUCT_NAME = "$(TARGET_NAME)";
				SWIFT_ACTIVE_COMPILATION_CONDITIONS = DEBUG;
				SWIFT_VERSION = 5.0;
				TEST_TARGET_NAME = Jared;
			};
			name = Debug;
		};
		B319236824DE76A2001904BA /* Release */ = {
			isa = XCBuildConfiguration;
			buildSettings = {
				CLANG_ANALYZER_NUMBER_OBJECT_CONVERSION = YES_AGGRESSIVE;
				CLANG_CXX_LANGUAGE_STANDARD = "gnu++14";
				CLANG_ENABLE_OBJC_WEAK = YES;
				CLANG_WARN_DOCUMENTATION_COMMENTS = YES;
				CLANG_WARN_UNGUARDED_AVAILABILITY = YES_AGGRESSIVE;
				CODE_SIGN_IDENTITY = "Apple Development";
				CODE_SIGN_STYLE = Automatic;
				COMBINE_HIDPI_IMAGES = YES;
				DEVELOPMENT_TEAM = C7LJ587XF3;
				GCC_C_LANGUAGE_STANDARD = gnu11;
				INFOPLIST_FILE = JaredUITests/Info.plist;
				LD_RUNPATH_SEARCH_PATHS = "$(inherited) @executable_path/../Frameworks @loader_path/../Frameworks";
				MACOSX_DEPLOYMENT_TARGET = 10.15;
				MTL_FAST_MATH = YES;
				PRODUCT_BUNDLE_IDENTIFIER = com.zekesnider.JaredUITests;
				PRODUCT_NAME = "$(TARGET_NAME)";
				PROVISIONING_PROFILE_SPECIFIER = "";
				SWIFT_VERSION = 5.0;
				TEST_TARGET_NAME = Jared;
			};
			name = Release;
		};
		B33278841CB2CB1300BBDD3A /* Debug */ = {
			isa = XCBuildConfiguration;
			baseConfigurationReference = 0984B41FE3CF12361577AA41 /* Pods-Jared.debug.xcconfig */;
			buildSettings = {
				ALWAYS_EMBED_SWIFT_STANDARD_LIBRARIES = YES;
				ASSETCATALOG_COMPILER_APPICON_NAME = AppIcon;
				CODE_SIGN_ENTITLEMENTS = Jared/JaredDebug.entitlements;
				CODE_SIGN_IDENTITY = "-";
				"CODE_SIGN_IDENTITY[sdk=macosx*]" = "-";
				CODE_SIGN_STYLE = Automatic;
				COMBINE_HIDPI_IMAGES = YES;
				DEVELOPMENT_TEAM = C7LJ587XF3;
				ENABLE_HARDENED_RUNTIME = YES;
				INFOPLIST_FILE = JaredUI/Info.plist;
				LD_RUNPATH_SEARCH_PATHS = "$(inherited) @executable_path/../Frameworks";
				MACOSX_DEPLOYMENT_TARGET = 10.13;
				MARKETING_VERSION = 1.4;
				PRODUCT_BUNDLE_IDENTIFIER = com.jaredapp;
				PRODUCT_NAME = "$(TARGET_NAME)";
				PROVISIONING_PROFILE = "";
				PROVISIONING_PROFILE_SPECIFIER = "";
				SWIFT_OBJC_INTERFACE_HEADER_NAME = "";
				SWIFT_VERSION = 5.0;
			};
			name = Debug;
		};
		B33278851CB2CB1300BBDD3A /* Release */ = {
			isa = XCBuildConfiguration;
			baseConfigurationReference = 8490C38E773007C8CC882DCB /* Pods-Jared.release.xcconfig */;
			buildSettings = {
				ALWAYS_EMBED_SWIFT_STANDARD_LIBRARIES = YES;
				ASSETCATALOG_COMPILER_APPICON_NAME = AppIcon;
				CODE_SIGN_ENTITLEMENTS = Jared/JaredRelease.entitlements;
				CODE_SIGN_IDENTITY = "-";
				"CODE_SIGN_IDENTITY[sdk=macosx*]" = "Mac Developer";
				CODE_SIGN_STYLE = Automatic;
				COMBINE_HIDPI_IMAGES = YES;
				DEVELOPMENT_TEAM = C7LJ587XF3;
				ENABLE_HARDENED_RUNTIME = YES;
				INFOPLIST_FILE = JaredUI/Info.plist;
				LD_RUNPATH_SEARCH_PATHS = "$(inherited) @executable_path/../Frameworks";
				MACOSX_DEPLOYMENT_TARGET = 10.13;
				MARKETING_VERSION = 1.4;
				PRODUCT_BUNDLE_IDENTIFIER = com.jaredapp;
				PRODUCT_NAME = "$(TARGET_NAME)";
				PROVISIONING_PROFILE = "";
				PROVISIONING_PROFILE_SPECIFIER = "";
				SWIFT_OBJC_INTERFACE_HEADER_NAME = "";
				SWIFT_OPTIMIZATION_LEVEL = "-Owholemodule";
				SWIFT_VERSION = 5.0;
			};
			name = Release;
		};
		B3327DD622068176009DD882 /* Debug */ = {
			isa = XCBuildConfiguration;
			baseConfigurationReference = 589F788B0CFB8CBDA890F242 /* Pods-JaredTests.debug.xcconfig */;
			buildSettings = {
				CLANG_ANALYZER_NUMBER_OBJECT_CONVERSION = YES_AGGRESSIVE;
				CLANG_CXX_LANGUAGE_STANDARD = "gnu++14";
				CLANG_ENABLE_OBJC_WEAK = YES;
				CLANG_WARN_DOCUMENTATION_COMMENTS = YES;
				CLANG_WARN_UNGUARDED_AVAILABILITY = YES_AGGRESSIVE;
				CODE_SIGN_IDENTITY = "-";
				CODE_SIGN_STYLE = Automatic;
				COMBINE_HIDPI_IMAGES = YES;
				DEVELOPMENT_TEAM = C7LJ587XF3;
				GCC_C_LANGUAGE_STANDARD = gnu11;
				INFOPLIST_FILE = JaredTests/Info.plist;
				LD_RUNPATH_SEARCH_PATHS = "$(inherited) @executable_path/../Frameworks @loader_path/../Frameworks";
				MACOSX_DEPLOYMENT_TARGET = 10.14;
				MTL_ENABLE_DEBUG_INFO = INCLUDE_SOURCE;
				MTL_FAST_MATH = YES;
				PRODUCT_BUNDLE_IDENTIFIER = com.zekesnider.JaredTests;
				PRODUCT_NAME = "$(TARGET_NAME)";
				SWIFT_ACTIVE_COMPILATION_CONDITIONS = DEBUG;
				SWIFT_VERSION = 5.0;
			};
			name = Debug;
		};
		B3327DD722068176009DD882 /* Release */ = {
			isa = XCBuildConfiguration;
			baseConfigurationReference = 64E9DE9392D51A396C2939FB /* Pods-JaredTests.release.xcconfig */;
			buildSettings = {
				CLANG_ANALYZER_NUMBER_OBJECT_CONVERSION = YES_AGGRESSIVE;
				CLANG_CXX_LANGUAGE_STANDARD = "gnu++14";
				CLANG_ENABLE_OBJC_WEAK = YES;
				CLANG_WARN_DOCUMENTATION_COMMENTS = YES;
				CLANG_WARN_UNGUARDED_AVAILABILITY = YES_AGGRESSIVE;
				CODE_SIGN_IDENTITY = "Mac Developer";
				CODE_SIGN_STYLE = Automatic;
				COMBINE_HIDPI_IMAGES = YES;
				DEVELOPMENT_TEAM = C7LJ587XF3;
				GCC_C_LANGUAGE_STANDARD = gnu11;
				INFOPLIST_FILE = JaredTests/Info.plist;
				LD_RUNPATH_SEARCH_PATHS = "$(inherited) @executable_path/../Frameworks @loader_path/../Frameworks";
				MACOSX_DEPLOYMENT_TARGET = 10.14;
				MTL_FAST_MATH = YES;
				PRODUCT_BUNDLE_IDENTIFIER = com.zekesnider.JaredTests;
				PRODUCT_NAME = "$(TARGET_NAME)";
				SWIFT_VERSION = 5.0;
			};
			name = Release;
		};
		B39EC1771CB01F55002C3161 /* Debug */ = {
			isa = XCBuildConfiguration;
			buildSettings = {
				ALWAYS_SEARCH_USER_PATHS = NO;
				CLANG_ANALYZER_LOCALIZABILITY_NONLOCALIZED = YES;
				CLANG_ANALYZER_NONNULL = YES;
				CLANG_CXX_LANGUAGE_STANDARD = "gnu++0x";
				CLANG_CXX_LIBRARY = "libc++";
				CLANG_ENABLE_MODULES = YES;
				CLANG_ENABLE_OBJC_ARC = YES;
				CLANG_WARN_BLOCK_CAPTURE_AUTORELEASING = YES;
				CLANG_WARN_BOOL_CONVERSION = YES;
				CLANG_WARN_COMMA = YES;
				CLANG_WARN_CONSTANT_CONVERSION = YES;
				CLANG_WARN_DEPRECATED_OBJC_IMPLEMENTATIONS = YES;
				CLANG_WARN_DIRECT_OBJC_ISA_USAGE = YES_ERROR;
				CLANG_WARN_EMPTY_BODY = YES;
				CLANG_WARN_ENUM_CONVERSION = YES;
				CLANG_WARN_INFINITE_RECURSION = YES;
				CLANG_WARN_INT_CONVERSION = YES;
				CLANG_WARN_NON_LITERAL_NULL_CONVERSION = YES;
				CLANG_WARN_OBJC_IMPLICIT_RETAIN_SELF = YES;
				CLANG_WARN_OBJC_LITERAL_CONVERSION = YES;
				CLANG_WARN_OBJC_ROOT_CLASS = YES_ERROR;
				CLANG_WARN_RANGE_LOOP_ANALYSIS = YES;
				CLANG_WARN_STRICT_PROTOTYPES = YES;
				CLANG_WARN_SUSPICIOUS_MOVE = YES;
				CLANG_WARN_UNREACHABLE_CODE = YES;
				CLANG_WARN__DUPLICATE_METHOD_MATCH = YES;
				CODE_SIGN_IDENTITY = "-";
				COPY_PHASE_STRIP = NO;
				DEBUG_INFORMATION_FORMAT = dwarf;
				ENABLE_STRICT_OBJC_MSGSEND = YES;
				ENABLE_TESTABILITY = YES;
				GCC_C_LANGUAGE_STANDARD = gnu99;
				GCC_DYNAMIC_NO_PIC = NO;
				GCC_NO_COMMON_BLOCKS = YES;
				GCC_OPTIMIZATION_LEVEL = 0;
				GCC_PREPROCESSOR_DEFINITIONS = (
					"DEBUG=1",
					"$(inherited)",
				);
				GCC_WARN_64_TO_32_BIT_CONVERSION = YES;
				GCC_WARN_ABOUT_RETURN_TYPE = YES_ERROR;
				GCC_WARN_UNDECLARED_SELECTOR = YES;
				GCC_WARN_UNINITIALIZED_AUTOS = YES_AGGRESSIVE;
				GCC_WARN_UNUSED_FUNCTION = YES;
				GCC_WARN_UNUSED_VARIABLE = YES;
				MACOSX_DEPLOYMENT_TARGET = 10.13;
				MTL_ENABLE_DEBUG_INFO = YES;
				ONLY_ACTIVE_ARCH = YES;
				SDKROOT = macosx;
				SWIFT_OPTIMIZATION_LEVEL = "-Onone";
				SWIFT_VERSION = 5.0;
			};
			name = Debug;
		};
		B39EC1781CB01F55002C3161 /* Release */ = {
			isa = XCBuildConfiguration;
			buildSettings = {
				ALWAYS_SEARCH_USER_PATHS = NO;
				CLANG_ANALYZER_LOCALIZABILITY_NONLOCALIZED = YES;
				CLANG_ANALYZER_NONNULL = YES;
				CLANG_CXX_LANGUAGE_STANDARD = "gnu++0x";
				CLANG_CXX_LIBRARY = "libc++";
				CLANG_ENABLE_MODULES = YES;
				CLANG_ENABLE_OBJC_ARC = YES;
				CLANG_WARN_BLOCK_CAPTURE_AUTORELEASING = YES;
				CLANG_WARN_BOOL_CONVERSION = YES;
				CLANG_WARN_COMMA = YES;
				CLANG_WARN_CONSTANT_CONVERSION = YES;
				CLANG_WARN_DEPRECATED_OBJC_IMPLEMENTATIONS = YES;
				CLANG_WARN_DIRECT_OBJC_ISA_USAGE = YES_ERROR;
				CLANG_WARN_EMPTY_BODY = YES;
				CLANG_WARN_ENUM_CONVERSION = YES;
				CLANG_WARN_INFINITE_RECURSION = YES;
				CLANG_WARN_INT_CONVERSION = YES;
				CLANG_WARN_NON_LITERAL_NULL_CONVERSION = YES;
				CLANG_WARN_OBJC_IMPLICIT_RETAIN_SELF = YES;
				CLANG_WARN_OBJC_LITERAL_CONVERSION = YES;
				CLANG_WARN_OBJC_ROOT_CLASS = YES_ERROR;
				CLANG_WARN_RANGE_LOOP_ANALYSIS = YES;
				CLANG_WARN_STRICT_PROTOTYPES = YES;
				CLANG_WARN_SUSPICIOUS_MOVE = YES;
				CLANG_WARN_UNREACHABLE_CODE = YES;
				CLANG_WARN__DUPLICATE_METHOD_MATCH = YES;
				CODE_SIGN_IDENTITY = "-";
				COPY_PHASE_STRIP = NO;
				DEBUG_INFORMATION_FORMAT = "dwarf-with-dsym";
				ENABLE_NS_ASSERTIONS = NO;
				ENABLE_STRICT_OBJC_MSGSEND = YES;
				GCC_C_LANGUAGE_STANDARD = gnu99;
				GCC_NO_COMMON_BLOCKS = YES;
				GCC_WARN_64_TO_32_BIT_CONVERSION = YES;
				GCC_WARN_ABOUT_RETURN_TYPE = YES_ERROR;
				GCC_WARN_UNDECLARED_SELECTOR = YES;
				GCC_WARN_UNINITIALIZED_AUTOS = YES_AGGRESSIVE;
				GCC_WARN_UNUSED_FUNCTION = YES;
				GCC_WARN_UNUSED_VARIABLE = YES;
				MACOSX_DEPLOYMENT_TARGET = 10.13;
				MTL_ENABLE_DEBUG_INFO = NO;
				SDKROOT = macosx;
				SWIFT_OPTIMIZATION_LEVEL = "-Owholemodule";
				SWIFT_VERSION = 5.0;
			};
			name = Release;
		};
/* End XCBuildConfiguration section */

/* Begin XCConfigurationList section */
		7F84B6281CC506790059A82B /* Build configuration list for PBXNativeTarget "JaredFramework" */ = {
			isa = XCConfigurationList;
			buildConfigurations = (
				7F84B6291CC506790059A82B /* Debug */,
				7F84B62A1CC506790059A82B /* Release */,
			);
			defaultConfigurationIsVisible = 0;
			defaultConfigurationName = Release;
		};
		B319236624DE76A2001904BA /* Build configuration list for PBXNativeTarget "JaredUITests" */ = {
			isa = XCConfigurationList;
			buildConfigurations = (
				B319236724DE76A2001904BA /* Debug */,
				B319236824DE76A2001904BA /* Release */,
			);
			defaultConfigurationIsVisible = 0;
			defaultConfigurationName = Release;
		};
		B33278831CB2CB1300BBDD3A /* Build configuration list for PBXNativeTarget "Jared" */ = {
			isa = XCConfigurationList;
			buildConfigurations = (
				B33278841CB2CB1300BBDD3A /* Debug */,
				B33278851CB2CB1300BBDD3A /* Release */,
			);
			defaultConfigurationIsVisible = 0;
			defaultConfigurationName = Release;
		};
		B3327DD522068176009DD882 /* Build configuration list for PBXNativeTarget "JaredTests" */ = {
			isa = XCConfigurationList;
			buildConfigurations = (
				B3327DD622068176009DD882 /* Debug */,
				B3327DD722068176009DD882 /* Release */,
			);
			defaultConfigurationIsVisible = 0;
			defaultConfigurationName = Release;
		};
		B39EC16D1CB01F55002C3161 /* Build configuration list for PBXProject "Jared" */ = {
			isa = XCConfigurationList;
			buildConfigurations = (
				B39EC1771CB01F55002C3161 /* Debug */,
				B39EC1781CB01F55002C3161 /* Release */,
			);
			defaultConfigurationIsVisible = 0;
			defaultConfigurationName = Release;
		};
/* End XCConfigurationList section */

/* Begin XCVersionGroup section */
		B3F185F524E51C880051C696 /* CoreModule.xcdatamodeld */ = {
			isa = XCVersionGroup;
			children = (
				B3F185F624E51C880051C696 /* CoreModule.xcdatamodel */,
			);
			currentVersion = B3F185F624E51C880051C696 /* CoreModule.xcdatamodel */;
			path = CoreModule.xcdatamodeld;
			sourceTree = "<group>";
			versionGroupType = wrapper.xcdatamodel;
		};
/* End XCVersionGroup section */
	};
	rootObject = B39EC16A1CB01F55002C3161 /* Project object */;
}
