PODS:
  - CocoaAsyncSocket (7.6.4)
  - HTTPParserC (2.9.2)
  - Realm (5.3.3):
    - Realm/Headers (= 5.3.3)
  - Realm/Headers (5.3.3)
  - RealmSwift (5.3.3):
    - Realm (= 5.3.3)
  - Telegraph (0.28):
    - CocoaAsyncSocket (~> 7.5)
    - HTTPParserC (~> 2.7)

DEPENDENCIES:
  - RealmSwift
  - Telegraph

SPEC REPOS:
  trunk:
    - CocoaAsyncSocket
    - HTTPParserC
    - Realm
    - RealmSwift
    - Telegraph

SPEC CHECKSUMS:
  CocoaAsyncSocket: 694058e7c0ed05a9e217d1b3c7ded962f4180845
  HTTPParserC: 1ed389f80bb57a5b967d87d5358b8a94418394ee
  Realm: 2d57ea355bf8ca2a0964d6bfb38d28d7ff2addf6
  RealmSwift: 0a709536ecea30eea1d3c514f6ade2ed078dee3c
  Telegraph: 6820cf262064f2c15a393fb56401834141d0310e

PODFILE CHECKSUM: 9197daa41072abbc69022a219954724300467bfe

COCOAPODS: 1.9.3
